Microsoft Visual Studio Solution File, Format Version 10.00
# Visual Studio 2008
Project("{8BC9CEB8-8B4A-11D0-8D11-00A0C91BC942}") = "IPState", "IPState.vcproj", "{4D345F58-8299-429D-B784-488A7ECEA52C}"
EndProject
Global
	GlobalSection(SolutionConfigurationPlatforms) = preSolution
		Debug|Win32 = Debug|Win32
		Release|Win32 = Release|Win32
	EndGlobalSection
	GlobalSection(ProjectConfigurationPlatforms) = postSolution
		{4D345F58-8299-429D-B784-488A7ECEA52C}.Debug|Win32.ActiveCfg = Debug|Win32
		{4D345F58-8299-429D-B784-488A7ECEA52C}.Debug|Win32.Build.0 = Debug|Win32
		{4D345F58-8299-429D-B784-488A7ECEA52C}.Release|Win32.ActiveCfg = Release|Win32
		{4D345F58-8299-429D-B784-488A7ECEA52C}.Release|Win32.Build.0 = Release|Win32
	EndGlobalSection
	GlobalSection(SolutionProperties) = preSolution
		HideSolutionNode = FALSE
	EndGlobalSection
EndGlobal
