
Microsoft Visual Studio Solution File, Format Version 12.00
# Visual Studio Version 16
VisualStudioVersion = 16.0.29025.244
MinimumVisualStudioVersion = 10.0.40219.1
Project("{2150E333-8FDC-42A3-9474-1A3956D46DE8}") = "Chapter4 Работа с сетью", "Chapter4 Работа с сетью", "{2FFDB9F1-A9F3-420D-9BD1-19B92E9004E1}"
EndProject
Project("{8BC9CEB8-8B4A-11D0-8D11-00A0C91BC942}") = "NetNeighbour", "Demo\Chapter4\NetNeighbour\NetNeighbour.vcxproj", "{2DF929C4-72B5-451B-A6E7-3CB28BE63755}"
EndProject
Project("{8BC9CEB8-8B4A-11D0-8D11-00A0C91BC942}") = "Network", "Demo\Chapter4\Network\Network.vcxproj", "{1D9F97AC-8BD3-4EAC-A2B8-0B862E2A6C1E}"
EndProject
Project("{8BC9CEB8-8B4A-11D0-8D11-00A0C91BC942}") = "MFCScan", "Demo\Chapter4\Scan\MFCScan.vcxproj", "{1EBEE299-1BA1-4BF6-9F96-F218EE90ECAB}"
EndProject
Project("{8BC9CEB8-8B4A-11D0-8D11-00A0C91BC942}") = "TCPServer", "Demo\Chapter4\Select\TCPServer.vcxproj", "{74AAC096-D86C-4812-9C64-1337ED0123F6}"
EndProject
Project("{8BC9CEB8-8B4A-11D0-8D11-00A0C91BC942}") = "TCPClient", "Demo\Chapter4\TCPClient\TCPClient.vcxproj", "{31510B26-4469-4DF1-9D4E-011E777EFE90}"
EndProject
Project("{8BC9CEB8-8B4A-11D0-8D11-00A0C91BC942}") = "UDPClient", "Demo\Chapter4\UDPClient\UDPClient.vcxproj", "{B1031197-8DEA-4E77-9664-D93D5E64AE0B}"
EndProject
Project("{8BC9CEB8-8B4A-11D0-8D11-00A0C91BC942}") = "UDPServer", "Demo\Chapter4\UDPServer\UDPServer.vcxproj", "{A4E985B0-A578-45C0-AC38-08481148D249}"
EndProject
Project("{8BC9CEB8-8B4A-11D0-8D11-00A0C91BC942}") = "WinSockInfo", "Demo\Chapter4\WinSockInfo\WinSockInfo.vcxproj", "{BE52E332-A4C8-467A-952C-EABDA13E522C}"
EndProject
Project("{8BC9CEB8-8B4A-11D0-8D11-00A0C91BC942}") = "WSASel", "Demo\Chapter4\WSASel\WSASel.vcxproj", "{41A81C71-7E3F-4E24-B338-02C425048E9F}"
EndProject
Project("{8BC9CEB8-8B4A-11D0-8D11-00A0C91BC942}") = "MFCSendText", "Demo\Chapter4\MFCSendText\MFCSendText.vcxproj", "{A51A8186-D1CB-4D1B-AD56-4C67879BAB96}"
EndProject
Project("{8BC9CEB8-8B4A-11D0-8D11-00A0C91BC942}") = "ShowComputerName", "Sources\cplus\ShowComputerName\ShowComputerName.vcxproj", "{08298771-D922-4A3A-8F3E-751808232704}"
EndProject
Project("{2150E333-8FDC-42A3-9474-1A3956D46DE8}") = "My Proects", "My Proects", "{6B855AE8-7468-45F2-A0CA-DF18A1E9898A}"
EndProject
Project("{8BC9CEB8-8B4A-11D0-8D11-00A0C91BC942}") = "Client_Server", "..\!!! МОИ ПРОЕКТЫ\Client_Server\Client_Server.vcxproj", "{6B88BED9-0FA0-48B6-9147-822078CE0A3E}"
EndProject
Project("{8BC9CEB8-8B4A-11D0-8D11-00A0C91BC942}") = "Winsock Client", "..\!!! МОИ ПРОЕКТЫ\Winsock Client\Winsock Client.vcxproj", "{0F5480F6-4CA0-4B45-813B-8E62490CE34D}"
EndProject
Project("{8BC9CEB8-8B4A-11D0-8D11-00A0C91BC942}") = "Winsock Server", "..\!!! МОИ ПРОЕКТЫ\Winsock Server\Winsock Server.vcxproj", "{17C71743-6638-4E75-9B63-ACB641B24EE1}"
EndProject
Global
	GlobalSection(SolutionConfigurationPlatforms) = preSolution
		Alpha32 Debug|Any CPU = Alpha32 Debug|Any CPU
		Alpha32 Debug|Win32 = Alpha32 Debug|Win32
		Alpha32 Debug|x64 = Alpha32 Debug|x64
		Alpha32 Debug|x86 = Alpha32 Debug|x86
		Alpha32 Release|Any CPU = Alpha32 Release|Any CPU
		Alpha32 Release|Win32 = Alpha32 Release|Win32
		Alpha32 Release|x64 = Alpha32 Release|x64
		Alpha32 Release|x86 = Alpha32 Release|x86
		Debug|Any CPU = Debug|Any CPU
		Debug|Win32 = Debug|Win32
		Debug|x64 = Debug|x64
		Debug|x86 = Debug|x86
		Profile|Any CPU = Profile|Any CPU
		Profile|Win32 = Profile|Win32
		Profile|x64 = Profile|x64
		Profile|x86 = Profile|x86
		Relase|Any CPU = Relase|Any CPU
		Relase|Win32 = Relase|Win32
		Relase|x64 = Relase|x64
		Relase|x86 = Relase|x86
		Release|Any CPU = Release|Any CPU
		Release|Win32 = Release|Win32
		Release|x64 = Release|x64
		Release|x86 = Release|x86
		Template|Any CPU = Template|Any CPU
		Template|Win32 = Template|Win32
		Template|x64 = Template|x64
		Template|x86 = Template|x86
	EndGlobalSection
	GlobalSection(ProjectConfigurationPlatforms) = postSolution
		{2DF929C4-72B5-451B-A6E7-3CB28BE63755}.Alpha32 Debug|Any CPU.ActiveCfg = Release|Win32
		{2DF929C4-72B5-451B-A6E7-3CB28BE63755}.Alpha32 Debug|Any CPU.Build.0 = Release|Win32
		{2DF929C4-72B5-451B-A6E7-3CB28BE63755}.Alpha32 Debug|Win32.ActiveCfg = Debug|Win32
		{2DF929C4-72B5-451B-A6E7-3CB28BE63755}.Alpha32 Debug|Win32.Build.0 = Debug|Win32
		{2DF929C4-72B5-451B-A6E7-3CB28BE63755}.Alpha32 Debug|x64.ActiveCfg = Release|Win32
		{2DF929C4-72B5-451B-A6E7-3CB28BE63755}.Alpha32 Debug|x64.Build.0 = Release|Win32
		{2DF929C4-72B5-451B-A6E7-3CB28BE63755}.Alpha32 Debug|x86.ActiveCfg = Debug|Win32
		{2DF929C4-72B5-451B-A6E7-3CB28BE63755}.Alpha32 Debug|x86.Build.0 = Debug|Win32
		{2DF929C4-72B5-451B-A6E7-3CB28BE63755}.Alpha32 Release|Any CPU.ActiveCfg = Release|Win32
		{2DF929C4-72B5-451B-A6E7-3CB28BE63755}.Alpha32 Release|Any CPU.Build.0 = Release|Win32
		{2DF929C4-72B5-451B-A6E7-3CB28BE63755}.Alpha32 Release|Win32.ActiveCfg = Release|Win32
		{2DF929C4-72B5-451B-A6E7-3CB28BE63755}.Alpha32 Release|Win32.Build.0 = Release|Win32
		{2DF929C4-72B5-451B-A6E7-3CB28BE63755}.Alpha32 Release|x64.ActiveCfg = Release|Win32
		{2DF929C4-72B5-451B-A6E7-3CB28BE63755}.Alpha32 Release|x64.Build.0 = Release|Win32
		{2DF929C4-72B5-451B-A6E7-3CB28BE63755}.Alpha32 Release|x86.ActiveCfg = Release|Win32
		{2DF929C4-72B5-451B-A6E7-3CB28BE63755}.Alpha32 Release|x86.Build.0 = Release|Win32
		{2DF929C4-72B5-451B-A6E7-3CB28BE63755}.Debug|Any CPU.ActiveCfg = Debug|Win32
		{2DF929C4-72B5-451B-A6E7-3CB28BE63755}.Debug|Win32.ActiveCfg = Debug|Win32
		{2DF929C4-72B5-451B-A6E7-3CB28BE63755}.Debug|Win32.Build.0 = Debug|Win32
		{2DF929C4-72B5-451B-A6E7-3CB28BE63755}.Debug|x64.ActiveCfg = Debug|Win32
		{2DF929C4-72B5-451B-A6E7-3CB28BE63755}.Debug|x86.ActiveCfg = Debug|Win32
		{2DF929C4-72B5-451B-A6E7-3CB28BE63755}.Debug|x86.Build.0 = Debug|Win32
		{2DF929C4-72B5-451B-A6E7-3CB28BE63755}.Profile|Any CPU.ActiveCfg = Debug|Win32
		{2DF929C4-72B5-451B-A6E7-3CB28BE63755}.Profile|Any CPU.Build.0 = Debug|Win32
		{2DF929C4-72B5-451B-A6E7-3CB28BE63755}.Profile|Win32.ActiveCfg = Debug|Win32
		{2DF929C4-72B5-451B-A6E7-3CB28BE63755}.Profile|Win32.Build.0 = Debug|Win32
		{2DF929C4-72B5-451B-A6E7-3CB28BE63755}.Profile|x64.ActiveCfg = Debug|Win32
		{2DF929C4-72B5-451B-A6E7-3CB28BE63755}.Profile|x64.Build.0 = Debug|Win32
		{2DF929C4-72B5-451B-A6E7-3CB28BE63755}.Profile|x86.ActiveCfg = Debug|Win32
		{2DF929C4-72B5-451B-A6E7-3CB28BE63755}.Profile|x86.Build.0 = Debug|Win32
		{2DF929C4-72B5-451B-A6E7-3CB28BE63755}.Relase|Any CPU.ActiveCfg = Debug|Win32
		{2DF929C4-72B5-451B-A6E7-3CB28BE63755}.Relase|Any CPU.Build.0 = Debug|Win32
		{2DF929C4-72B5-451B-A6E7-3CB28BE63755}.Relase|Win32.ActiveCfg = Release|Win32
		{2DF929C4-72B5-451B-A6E7-3CB28BE63755}.Relase|Win32.Build.0 = Release|Win32
		{2DF929C4-72B5-451B-A6E7-3CB28BE63755}.Relase|x64.ActiveCfg = Debug|Win32
		{2DF929C4-72B5-451B-A6E7-3CB28BE63755}.Relase|x64.Build.0 = Debug|Win32
		{2DF929C4-72B5-451B-A6E7-3CB28BE63755}.Relase|x86.ActiveCfg = Release|Win32
		{2DF929C4-72B5-451B-A6E7-3CB28BE63755}.Relase|x86.Build.0 = Release|Win32
		{2DF929C4-72B5-451B-A6E7-3CB28BE63755}.Release|Any CPU.ActiveCfg = Release|Win32
		{2DF929C4-72B5-451B-A6E7-3CB28BE63755}.Release|Win32.ActiveCfg = Release|Win32
		{2DF929C4-72B5-451B-A6E7-3CB28BE63755}.Release|Win32.Build.0 = Release|Win32
		{2DF929C4-72B5-451B-A6E7-3CB28BE63755}.Release|x64.ActiveCfg = Release|Win32
		{2DF929C4-72B5-451B-A6E7-3CB28BE63755}.Release|x86.ActiveCfg = Release|Win32
		{2DF929C4-72B5-451B-A6E7-3CB28BE63755}.Release|x86.Build.0 = Release|Win32
		{2DF929C4-72B5-451B-A6E7-3CB28BE63755}.Template|Any CPU.ActiveCfg = Release|Win32
		{2DF929C4-72B5-451B-A6E7-3CB28BE63755}.Template|Any CPU.Build.0 = Release|Win32
		{2DF929C4-72B5-451B-A6E7-3CB28BE63755}.Template|Win32.ActiveCfg = Release|Win32
		{2DF929C4-72B5-451B-A6E7-3CB28BE63755}.Template|Win32.Build.0 = Release|Win32
		{2DF929C4-72B5-451B-A6E7-3CB28BE63755}.Template|x64.ActiveCfg = Release|Win32
		{2DF929C4-72B5-451B-A6E7-3CB28BE63755}.Template|x64.Build.0 = Release|Win32
		{2DF929C4-72B5-451B-A6E7-3CB28BE63755}.Template|x86.ActiveCfg = Release|Win32
		{2DF929C4-72B5-451B-A6E7-3CB28BE63755}.Template|x86.Build.0 = Release|Win32
		{1D9F97AC-8BD3-4EAC-A2B8-0B862E2A6C1E}.Alpha32 Debug|Any CPU.ActiveCfg = Release|Win32
		{1D9F97AC-8BD3-4EAC-A2B8-0B862E2A6C1E}.Alpha32 Debug|Any CPU.Build.0 = Release|Win32
		{1D9F97AC-8BD3-4EAC-A2B8-0B862E2A6C1E}.Alpha32 Debug|Win32.ActiveCfg = Debug|Win32
		{1D9F97AC-8BD3-4EAC-A2B8-0B862E2A6C1E}.Alpha32 Debug|Win32.Build.0 = Debug|Win32
		{1D9F97AC-8BD3-4EAC-A2B8-0B862E2A6C1E}.Alpha32 Debug|x64.ActiveCfg = Release|Win32
		{1D9F97AC-8BD3-4EAC-A2B8-0B862E2A6C1E}.Alpha32 Debug|x64.Build.0 = Release|Win32
		{1D9F97AC-8BD3-4EAC-A2B8-0B862E2A6C1E}.Alpha32 Debug|x86.ActiveCfg = Debug|Win32
		{1D9F97AC-8BD3-4EAC-A2B8-0B862E2A6C1E}.Alpha32 Debug|x86.Build.0 = Debug|Win32
		{1D9F97AC-8BD3-4EAC-A2B8-0B862E2A6C1E}.Alpha32 Release|Any CPU.ActiveCfg = Release|Win32
		{1D9F97AC-8BD3-4EAC-A2B8-0B862E2A6C1E}.Alpha32 Release|Any CPU.Build.0 = Release|Win32
		{1D9F97AC-8BD3-4EAC-A2B8-0B862E2A6C1E}.Alpha32 Release|Win32.ActiveCfg = Release|Win32
		{1D9F97AC-8BD3-4EAC-A2B8-0B862E2A6C1E}.Alpha32 Release|Win32.Build.0 = Release|Win32
		{1D9F97AC-8BD3-4EAC-A2B8-0B862E2A6C1E}.Alpha32 Release|x64.ActiveCfg = Release|Win32
		{1D9F97AC-8BD3-4EAC-A2B8-0B862E2A6C1E}.Alpha32 Release|x64.Build.0 = Release|Win32
		{1D9F97AC-8BD3-4EAC-A2B8-0B862E2A6C1E}.Alpha32 Release|x86.ActiveCfg = Release|Win32
		{1D9F97AC-8BD3-4EAC-A2B8-0B862E2A6C1E}.Alpha32 Release|x86.Build.0 = Release|Win32
		{1D9F97AC-8BD3-4EAC-A2B8-0B862E2A6C1E}.Debug|Any CPU.ActiveCfg = Debug|Win32
		{1D9F97AC-8BD3-4EAC-A2B8-0B862E2A6C1E}.Debug|Win32.ActiveCfg = Debug|Win32
		{1D9F97AC-8BD3-4EAC-A2B8-0B862E2A6C1E}.Debug|Win32.Build.0 = Debug|Win32
		{1D9F97AC-8BD3-4EAC-A2B8-0B862E2A6C1E}.Debug|x64.ActiveCfg = Debug|Win32
		{1D9F97AC-8BD3-4EAC-A2B8-0B862E2A6C1E}.Debug|x86.ActiveCfg = Debug|Win32
		{1D9F97AC-8BD3-4EAC-A2B8-0B862E2A6C1E}.Debug|x86.Build.0 = Debug|Win32
		{1D9F97AC-8BD3-4EAC-A2B8-0B862E2A6C1E}.Profile|Any CPU.ActiveCfg = Debug|Win32
		{1D9F97AC-8BD3-4EAC-A2B8-0B862E2A6C1E}.Profile|Any CPU.Build.0 = Debug|Win32
		{1D9F97AC-8BD3-4EAC-A2B8-0B862E2A6C1E}.Profile|Win32.ActiveCfg = Debug|Win32
		{1D9F97AC-8BD3-4EAC-A2B8-0B862E2A6C1E}.Profile|Win32.Build.0 = Debug|Win32
		{1D9F97AC-8BD3-4EAC-A2B8-0B862E2A6C1E}.Profile|x64.ActiveCfg = Debug|Win32
		{1D9F97AC-8BD3-4EAC-A2B8-0B862E2A6C1E}.Profile|x64.Build.0 = Debug|Win32
		{1D9F97AC-8BD3-4EAC-A2B8-0B862E2A6C1E}.Profile|x86.ActiveCfg = Debug|Win32
		{1D9F97AC-8BD3-4EAC-A2B8-0B862E2A6C1E}.Profile|x86.Build.0 = Debug|Win32
		{1D9F97AC-8BD3-4EAC-A2B8-0B862E2A6C1E}.Relase|Any CPU.ActiveCfg = Debug|Win32
		{1D9F97AC-8BD3-4EAC-A2B8-0B862E2A6C1E}.Relase|Any CPU.Build.0 = Debug|Win32
		{1D9F97AC-8BD3-4EAC-A2B8-0B862E2A6C1E}.Relase|Win32.ActiveCfg = Release|Win32
		{1D9F97AC-8BD3-4EAC-A2B8-0B862E2A6C1E}.Relase|Win32.Build.0 = Release|Win32
		{1D9F97AC-8BD3-4EAC-A2B8-0B862E2A6C1E}.Relase|x64.ActiveCfg = Debug|Win32
		{1D9F97AC-8BD3-4EAC-A2B8-0B862E2A6C1E}.Relase|x64.Build.0 = Debug|Win32
		{1D9F97AC-8BD3-4EAC-A2B8-0B862E2A6C1E}.Relase|x86.ActiveCfg = Release|Win32
		{1D9F97AC-8BD3-4EAC-A2B8-0B862E2A6C1E}.Relase|x86.Build.0 = Release|Win32
		{1D9F97AC-8BD3-4EAC-A2B8-0B862E2A6C1E}.Release|Any CPU.ActiveCfg = Release|Win32
		{1D9F97AC-8BD3-4EAC-A2B8-0B862E2A6C1E}.Release|Win32.ActiveCfg = Release|Win32
		{1D9F97AC-8BD3-4EAC-A2B8-0B862E2A6C1E}.Release|Win32.Build.0 = Release|Win32
		{1D9F97AC-8BD3-4EAC-A2B8-0B862E2A6C1E}.Release|x64.ActiveCfg = Release|Win32
		{1D9F97AC-8BD3-4EAC-A2B8-0B862E2A6C1E}.Release|x86.ActiveCfg = Release|Win32
		{1D9F97AC-8BD3-4EAC-A2B8-0B862E2A6C1E}.Release|x86.Build.0 = Release|Win32
		{1D9F97AC-8BD3-4EAC-A2B8-0B862E2A6C1E}.Template|Any CPU.ActiveCfg = Release|Win32
		{1D9F97AC-8BD3-4EAC-A2B8-0B862E2A6C1E}.Template|Any CPU.Build.0 = Release|Win32
		{1D9F97AC-8BD3-4EAC-A2B8-0B862E2A6C1E}.Template|Win32.ActiveCfg = Release|Win32
		{1D9F97AC-8BD3-4EAC-A2B8-0B862E2A6C1E}.Template|Win32.Build.0 = Release|Win32
		{1D9F97AC-8BD3-4EAC-A2B8-0B862E2A6C1E}.Template|x64.ActiveCfg = Release|Win32
		{1D9F97AC-8BD3-4EAC-A2B8-0B862E2A6C1E}.Template|x64.Build.0 = Release|Win32
		{1D9F97AC-8BD3-4EAC-A2B8-0B862E2A6C1E}.Template|x86.ActiveCfg = Release|Win32
		{1D9F97AC-8BD3-4EAC-A2B8-0B862E2A6C1E}.Template|x86.Build.0 = Release|Win32
		{1EBEE299-1BA1-4BF6-9F96-F218EE90ECAB}.Alpha32 Debug|Any CPU.ActiveCfg = Release|Win32
		{1EBEE299-1BA1-4BF6-9F96-F218EE90ECAB}.Alpha32 Debug|Any CPU.Build.0 = Release|Win32
		{1EBEE299-1BA1-4BF6-9F96-F218EE90ECAB}.Alpha32 Debug|Win32.ActiveCfg = Debug|Win32
		{1EBEE299-1BA1-4BF6-9F96-F218EE90ECAB}.Alpha32 Debug|Win32.Build.0 = Debug|Win32
		{1EBEE299-1BA1-4BF6-9F96-F218EE90ECAB}.Alpha32 Debug|x64.ActiveCfg = Release|Win32
		{1EBEE299-1BA1-4BF6-9F96-F218EE90ECAB}.Alpha32 Debug|x64.Build.0 = Release|Win32
		{1EBEE299-1BA1-4BF6-9F96-F218EE90ECAB}.Alpha32 Debug|x86.ActiveCfg = Debug|Win32
		{1EBEE299-1BA1-4BF6-9F96-F218EE90ECAB}.Alpha32 Debug|x86.Build.0 = Debug|Win32
		{1EBEE299-1BA1-4BF6-9F96-F218EE90ECAB}.Alpha32 Release|Any CPU.ActiveCfg = Release|Win32
		{1EBEE299-1BA1-4BF6-9F96-F218EE90ECAB}.Alpha32 Release|Any CPU.Build.0 = Release|Win32
		{1EBEE299-1BA1-4BF6-9F96-F218EE90ECAB}.Alpha32 Release|Win32.ActiveCfg = Release|Win32
		{1EBEE299-1BA1-4BF6-9F96-F218EE90ECAB}.Alpha32 Release|Win32.Build.0 = Release|Win32
		{1EBEE299-1BA1-4BF6-9F96-F218EE90ECAB}.Alpha32 Release|x64.ActiveCfg = Release|Win32
		{1EBEE299-1BA1-4BF6-9F96-F218EE90ECAB}.Alpha32 Release|x64.Build.0 = Release|Win32
		{1EBEE299-1BA1-4BF6-9F96-F218EE90ECAB}.Alpha32 Release|x86.ActiveCfg = Release|Win32
		{1EBEE299-1BA1-4BF6-9F96-F218EE90ECAB}.Alpha32 Release|x86.Build.0 = Release|Win32
		{1EBEE299-1BA1-4BF6-9F96-F218EE90ECAB}.Debug|Any CPU.ActiveCfg = Debug|Win32
		{1EBEE299-1BA1-4BF6-9F96-F218EE90ECAB}.Debug|Win32.ActiveCfg = Debug|Win32
		{1EBEE299-1BA1-4BF6-9F96-F218EE90ECAB}.Debug|Win32.Build.0 = Debug|Win32
		{1EBEE299-1BA1-4BF6-9F96-F218EE90ECAB}.Debug|x64.ActiveCfg = Debug|Win32
		{1EBEE299-1BA1-4BF6-9F96-F218EE90ECAB}.Debug|x86.ActiveCfg = Debug|Win32
		{1EBEE299-1BA1-4BF6-9F96-F218EE90ECAB}.Debug|x86.Build.0 = Debug|Win32
		{1EBEE299-1BA1-4BF6-9F96-F218EE90ECAB}.Profile|Any CPU.ActiveCfg = Debug|Win32
		{1EBEE299-1BA1-4BF6-9F96-F218EE90ECAB}.Profile|Any CPU.Build.0 = Debug|Win32
		{1EBEE299-1BA1-4BF6-9F96-F218EE90ECAB}.Profile|Win32.ActiveCfg = Debug|Win32
		{1EBEE299-1BA1-4BF6-9F96-F218EE90ECAB}.Profile|Win32.Build.0 = Debug|Win32
		{1EBEE299-1BA1-4BF6-9F96-F218EE90ECAB}.Profile|x64.ActiveCfg = Debug|Win32
		{1EBEE299-1BA1-4BF6-9F96-F218EE90ECAB}.Profile|x64.Build.0 = Debug|Win32
		{1EBEE299-1BA1-4BF6-9F96-F218EE90ECAB}.Profile|x86.ActiveCfg = Debug|Win32
		{1EBEE299-1BA1-4BF6-9F96-F218EE90ECAB}.Profile|x86.Build.0 = Debug|Win32
		{1EBEE299-1BA1-4BF6-9F96-F218EE90ECAB}.Relase|Any CPU.ActiveCfg = Debug|Win32
		{1EBEE299-1BA1-4BF6-9F96-F218EE90ECAB}.Relase|Any CPU.Build.0 = Debug|Win32
		{1EBEE299-1BA1-4BF6-9F96-F218EE90ECAB}.Relase|Win32.ActiveCfg = Release|Win32
		{1EBEE299-1BA1-4BF6-9F96-F218EE90ECAB}.Relase|Win32.Build.0 = Release|Win32
		{1EBEE299-1BA1-4BF6-9F96-F218EE90ECAB}.Relase|x64.ActiveCfg = Debug|Win32
		{1EBEE299-1BA1-4BF6-9F96-F218EE90ECAB}.Relase|x64.Build.0 = Debug|Win32
		{1EBEE299-1BA1-4BF6-9F96-F218EE90ECAB}.Relase|x86.ActiveCfg = Release|Win32
		{1EBEE299-1BA1-4BF6-9F96-F218EE90ECAB}.Relase|x86.Build.0 = Release|Win32
		{1EBEE299-1BA1-4BF6-9F96-F218EE90ECAB}.Release|Any CPU.ActiveCfg = Release|Win32
		{1EBEE299-1BA1-4BF6-9F96-F218EE90ECAB}.Release|Win32.ActiveCfg = Release|Win32
		{1EBEE299-1BA1-4BF6-9F96-F218EE90ECAB}.Release|Win32.Build.0 = Release|Win32
		{1EBEE299-1BA1-4BF6-9F96-F218EE90ECAB}.Release|x64.ActiveCfg = Release|Win32
		{1EBEE299-1BA1-4BF6-9F96-F218EE90ECAB}.Release|x86.ActiveCfg = Release|Win32
		{1EBEE299-1BA1-4BF6-9F96-F218EE90ECAB}.Release|x86.Build.0 = Release|Win32
		{1EBEE299-1BA1-4BF6-9F96-F218EE90ECAB}.Template|Any CPU.ActiveCfg = Release|Win32
		{1EBEE299-1BA1-4BF6-9F96-F218EE90ECAB}.Template|Any CPU.Build.0 = Release|Win32
		{1EBEE299-1BA1-4BF6-9F96-F218EE90ECAB}.Template|Win32.ActiveCfg = Release|Win32
		{1EBEE299-1BA1-4BF6-9F96-F218EE90ECAB}.Template|Win32.Build.0 = Release|Win32
		{1EBEE299-1BA1-4BF6-9F96-F218EE90ECAB}.Template|x64.ActiveCfg = Release|Win32
		{1EBEE299-1BA1-4BF6-9F96-F218EE90ECAB}.Template|x64.Build.0 = Release|Win32
		{1EBEE299-1BA1-4BF6-9F96-F218EE90ECAB}.Template|x86.ActiveCfg = Release|Win32
		{1EBEE299-1BA1-4BF6-9F96-F218EE90ECAB}.Template|x86.Build.0 = Release|Win32
		{74AAC096-D86C-4812-9C64-1337ED0123F6}.Alpha32 Debug|Any CPU.ActiveCfg = Release|Win32
		{74AAC096-D86C-4812-9C64-1337ED0123F6}.Alpha32 Debug|Any CPU.Build.0 = Release|Win32
		{74AAC096-D86C-4812-9C64-1337ED0123F6}.Alpha32 Debug|Win32.ActiveCfg = Debug|Win32
		{74AAC096-D86C-4812-9C64-1337ED0123F6}.Alpha32 Debug|Win32.Build.0 = Debug|Win32
		{74AAC096-D86C-4812-9C64-1337ED0123F6}.Alpha32 Debug|x64.ActiveCfg = Release|Win32
		{74AAC096-D86C-4812-9C64-1337ED0123F6}.Alpha32 Debug|x64.Build.0 = Release|Win32
		{74AAC096-D86C-4812-9C64-1337ED0123F6}.Alpha32 Debug|x86.ActiveCfg = Debug|Win32
		{74AAC096-D86C-4812-9C64-1337ED0123F6}.Alpha32 Debug|x86.Build.0 = Debug|Win32
		{74AAC096-D86C-4812-9C64-1337ED0123F6}.Alpha32 Release|Any CPU.ActiveCfg = Release|Win32
		{74AAC096-D86C-4812-9C64-1337ED0123F6}.Alpha32 Release|Any CPU.Build.0 = Release|Win32
		{74AAC096-D86C-4812-9C64-1337ED0123F6}.Alpha32 Release|Win32.ActiveCfg = Release|Win32
		{74AAC096-D86C-4812-9C64-1337ED0123F6}.Alpha32 Release|Win32.Build.0 = Release|Win32
		{74AAC096-D86C-4812-9C64-1337ED0123F6}.Alpha32 Release|x64.ActiveCfg = Release|Win32
		{74AAC096-D86C-4812-9C64-1337ED0123F6}.Alpha32 Release|x64.Build.0 = Release|Win32
		{74AAC096-D86C-4812-9C64-1337ED0123F6}.Alpha32 Release|x86.ActiveCfg = Release|Win32
		{74AAC096-D86C-4812-9C64-1337ED0123F6}.Alpha32 Release|x86.Build.0 = Release|Win32
		{74AAC096-D86C-4812-9C64-1337ED0123F6}.Debug|Any CPU.ActiveCfg = Debug|Win32
		{74AAC096-D86C-4812-9C64-1337ED0123F6}.Debug|Win32.ActiveCfg = Debug|Win32
		{74AAC096-D86C-4812-9C64-1337ED0123F6}.Debug|Win32.Build.0 = Debug|Win32
		{74AAC096-D86C-4812-9C64-1337ED0123F6}.Debug|x64.ActiveCfg = Debug|Win32
		{74AAC096-D86C-4812-9C64-1337ED0123F6}.Debug|x86.ActiveCfg = Debug|Win32
		{74AAC096-D86C-4812-9C64-1337ED0123F6}.Debug|x86.Build.0 = Debug|Win32
		{74AAC096-D86C-4812-9C64-1337ED0123F6}.Profile|Any CPU.ActiveCfg = Debug|Win32
		{74AAC096-D86C-4812-9C64-1337ED0123F6}.Profile|Any CPU.Build.0 = Debug|Win32
		{74AAC096-D86C-4812-9C64-1337ED0123F6}.Profile|Win32.ActiveCfg = Debug|Win32
		{74AAC096-D86C-4812-9C64-1337ED0123F6}.Profile|Win32.Build.0 = Debug|Win32
		{74AAC096-D86C-4812-9C64-1337ED0123F6}.Profile|x64.ActiveCfg = Debug|Win32
		{74AAC096-D86C-4812-9C64-1337ED0123F6}.Profile|x64.Build.0 = Debug|Win32
		{74AAC096-D86C-4812-9C64-1337ED0123F6}.Profile|x86.ActiveCfg = Debug|Win32
		{74AAC096-D86C-4812-9C64-1337ED0123F6}.Profile|x86.Build.0 = Debug|Win32
		{74AAC096-D86C-4812-9C64-1337ED0123F6}.Relase|Any CPU.ActiveCfg = Debug|Win32
		{74AAC096-D86C-4812-9C64-1337ED0123F6}.Relase|Any CPU.Build.0 = Debug|Win32
		{74AAC096-D86C-4812-9C64-1337ED0123F6}.Relase|Win32.ActiveCfg = Release|Win32
		{74AAC096-D86C-4812-9C64-1337ED0123F6}.Relase|Win32.Build.0 = Release|Win32
		{74AAC096-D86C-4812-9C64-1337ED0123F6}.Relase|x64.ActiveCfg = Debug|Win32
		{74AAC096-D86C-4812-9C64-1337ED0123F6}.Relase|x64.Build.0 = Debug|Win32
		{74AAC096-D86C-4812-9C64-1337ED0123F6}.Relase|x86.ActiveCfg = Release|Win32
		{74AAC096-D86C-4812-9C64-1337ED0123F6}.Relase|x86.Build.0 = Release|Win32
		{74AAC096-D86C-4812-9C64-1337ED0123F6}.Release|Any CPU.ActiveCfg = Release|Win32
		{74AAC096-D86C-4812-9C64-1337ED0123F6}.Release|Win32.ActiveCfg = Release|Win32
		{74AAC096-D86C-4812-9C64-1337ED0123F6}.Release|Win32.Build.0 = Release|Win32
		{74AAC096-D86C-4812-9C64-1337ED0123F6}.Release|x64.ActiveCfg = Release|Win32
		{74AAC096-D86C-4812-9C64-1337ED0123F6}.Release|x86.ActiveCfg = Release|Win32
		{74AAC096-D86C-4812-9C64-1337ED0123F6}.Release|x86.Build.0 = Release|Win32
		{74AAC096-D86C-4812-9C64-1337ED0123F6}.Template|Any CPU.ActiveCfg = Release|Win32
		{74AAC096-D86C-4812-9C64-1337ED0123F6}.Template|Any CPU.Build.0 = Release|Win32
		{74AAC096-D86C-4812-9C64-1337ED0123F6}.Template|Win32.ActiveCfg = Release|Win32
		{74AAC096-D86C-4812-9C64-1337ED0123F6}.Template|Win32.Build.0 = Release|Win32
		{74AAC096-D86C-4812-9C64-1337ED0123F6}.Template|x64.ActiveCfg = Release|Win32
		{74AAC096-D86C-4812-9C64-1337ED0123F6}.Template|x64.Build.0 = Release|Win32
		{74AAC096-D86C-4812-9C64-1337ED0123F6}.Template|x86.ActiveCfg = Release|Win32
		{74AAC096-D86C-4812-9C64-1337ED0123F6}.Template|x86.Build.0 = Release|Win32
		{31510B26-4469-4DF1-9D4E-011E777EFE90}.Alpha32 Debug|Any CPU.ActiveCfg = Release|Win32
		{31510B26-4469-4DF1-9D4E-011E777EFE90}.Alpha32 Debug|Any CPU.Build.0 = Release|Win32
		{31510B26-4469-4DF1-9D4E-011E777EFE90}.Alpha32 Debug|Win32.ActiveCfg = Debug|Win32
		{31510B26-4469-4DF1-9D4E-011E777EFE90}.Alpha32 Debug|Win32.Build.0 = Debug|Win32
		{31510B26-4469-4DF1-9D4E-011E777EFE90}.Alpha32 Debug|x64.ActiveCfg = Release|Win32
		{31510B26-4469-4DF1-9D4E-011E777EFE90}.Alpha32 Debug|x64.Build.0 = Release|Win32
		{31510B26-4469-4DF1-9D4E-011E777EFE90}.Alpha32 Debug|x86.ActiveCfg = Debug|Win32
		{31510B26-4469-4DF1-9D4E-011E777EFE90}.Alpha32 Debug|x86.Build.0 = Debug|Win32
		{31510B26-4469-4DF1-9D4E-011E777EFE90}.Alpha32 Release|Any CPU.ActiveCfg = Release|Win32
		{31510B26-4469-4DF1-9D4E-011E777EFE90}.Alpha32 Release|Any CPU.Build.0 = Release|Win32
		{31510B26-4469-4DF1-9D4E-011E777EFE90}.Alpha32 Release|Win32.ActiveCfg = Release|Win32
		{31510B26-4469-4DF1-9D4E-011E777EFE90}.Alpha32 Release|Win32.Build.0 = Release|Win32
		{31510B26-4469-4DF1-9D4E-011E777EFE90}.Alpha32 Release|x64.ActiveCfg = Release|Win32
		{31510B26-4469-4DF1-9D4E-011E777EFE90}.Alpha32 Release|x64.Build.0 = Release|Win32
		{31510B26-4469-4DF1-9D4E-011E777EFE90}.Alpha32 Release|x86.ActiveCfg = Release|Win32
		{31510B26-4469-4DF1-9D4E-011E777EFE90}.Alpha32 Release|x86.Build.0 = Release|Win32
		{31510B26-4469-4DF1-9D4E-011E777EFE90}.Debug|Any CPU.ActiveCfg = Debug|Win32
		{31510B26-4469-4DF1-9D4E-011E777EFE90}.Debug|Win32.ActiveCfg = Debug|Win32
		{31510B26-4469-4DF1-9D4E-011E777EFE90}.Debug|Win32.Build.0 = Debug|Win32
		{31510B26-4469-4DF1-9D4E-011E777EFE90}.Debug|x64.ActiveCfg = Debug|Win32
		{31510B26-4469-4DF1-9D4E-011E777EFE90}.Debug|x86.ActiveCfg = Debug|Win32
		{31510B26-4469-4DF1-9D4E-011E777EFE90}.Debug|x86.Build.0 = Debug|Win32
		{31510B26-4469-4DF1-9D4E-011E777EFE90}.Profile|Any CPU.ActiveCfg = Debug|Win32
		{31510B26-4469-4DF1-9D4E-011E777EFE90}.Profile|Any CPU.Build.0 = Debug|Win32
		{31510B26-4469-4DF1-9D4E-011E777EFE90}.Profile|Win32.ActiveCfg = Debug|Win32
		{31510B26-4469-4DF1-9D4E-011E777EFE90}.Profile|Win32.Build.0 = Debug|Win32
		{31510B26-4469-4DF1-9D4E-011E777EFE90}.Profile|x64.ActiveCfg = Debug|Win32
		{31510B26-4469-4DF1-9D4E-011E777EFE90}.Profile|x64.Build.0 = Debug|Win32
		{31510B26-4469-4DF1-9D4E-011E777EFE90}.Profile|x86.ActiveCfg = Debug|Win32
		{31510B26-4469-4DF1-9D4E-011E777EFE90}.Profile|x86.Build.0 = Debug|Win32
		{31510B26-4469-4DF1-9D4E-011E777EFE90}.Relase|Any CPU.ActiveCfg = Debug|Win32
		{31510B26-4469-4DF1-9D4E-011E777EFE90}.Relase|Any CPU.Build.0 = Debug|Win32
		{31510B26-4469-4DF1-9D4E-011E777EFE90}.Relase|Win32.ActiveCfg = Release|Win32
		{31510B26-4469-4DF1-9D4E-011E777EFE90}.Relase|Win32.Build.0 = Release|Win32
		{31510B26-4469-4DF1-9D4E-011E777EFE90}.Relase|x64.ActiveCfg = Debug|Win32
		{31510B26-4469-4DF1-9D4E-011E777EFE90}.Relase|x64.Build.0 = Debug|Win32
		{31510B26-4469-4DF1-9D4E-011E777EFE90}.Relase|x86.ActiveCfg = Release|Win32
		{31510B26-4469-4DF1-9D4E-011E777EFE90}.Relase|x86.Build.0 = Release|Win32
		{31510B26-4469-4DF1-9D4E-011E777EFE90}.Release|Any CPU.ActiveCfg = Release|Win32
		{31510B26-4469-4DF1-9D4E-011E777EFE90}.Release|Win32.ActiveCfg = Release|Win32
		{31510B26-4469-4DF1-9D4E-011E777EFE90}.Release|Win32.Build.0 = Release|Win32
		{31510B26-4469-4DF1-9D4E-011E777EFE90}.Release|x64.ActiveCfg = Release|Win32
		{31510B26-4469-4DF1-9D4E-011E777EFE90}.Release|x86.ActiveCfg = Release|Win32
		{31510B26-4469-4DF1-9D4E-011E777EFE90}.Release|x86.Build.0 = Release|Win32
		{31510B26-4469-4DF1-9D4E-011E777EFE90}.Template|Any CPU.ActiveCfg = Release|Win32
		{31510B26-4469-4DF1-9D4E-011E777EFE90}.Template|Any CPU.Build.0 = Release|Win32
		{31510B26-4469-4DF1-9D4E-011E777EFE90}.Template|Win32.ActiveCfg = Release|Win32
		{31510B26-4469-4DF1-9D4E-011E777EFE90}.Template|Win32.Build.0 = Release|Win32
		{31510B26-4469-4DF1-9D4E-011E777EFE90}.Template|x64.ActiveCfg = Release|Win32
		{31510B26-4469-4DF1-9D4E-011E777EFE90}.Template|x64.Build.0 = Release|Win32
		{31510B26-4469-4DF1-9D4E-011E777EFE90}.Template|x86.ActiveCfg = Release|Win32
		{31510B26-4469-4DF1-9D4E-011E777EFE90}.Template|x86.Build.0 = Release|Win32
		{B1031197-8DEA-4E77-9664-D93D5E64AE0B}.Alpha32 Debug|Any CPU.ActiveCfg = Release|Win32
		{B1031197-8DEA-4E77-9664-D93D5E64AE0B}.Alpha32 Debug|Any CPU.Build.0 = Release|Win32
		{B1031197-8DEA-4E77-9664-D93D5E64AE0B}.Alpha32 Debug|Win32.ActiveCfg = Debug|Win32
		{B1031197-8DEA-4E77-9664-D93D5E64AE0B}.Alpha32 Debug|Win32.Build.0 = Debug|Win32
		{B1031197-8DEA-4E77-9664-D93D5E64AE0B}.Alpha32 Debug|x64.ActiveCfg = Release|Win32
		{B1031197-8DEA-4E77-9664-D93D5E64AE0B}.Alpha32 Debug|x64.Build.0 = Release|Win32
		{B1031197-8DEA-4E77-9664-D93D5E64AE0B}.Alpha32 Debug|x86.ActiveCfg = Debug|Win32
		{B1031197-8DEA-4E77-9664-D93D5E64AE0B}.Alpha32 Debug|x86.Build.0 = Debug|Win32
		{B1031197-8DEA-4E77-9664-D93D5E64AE0B}.Alpha32 Release|Any CPU.ActiveCfg = Release|Win32
		{B1031197-8DEA-4E77-9664-D93D5E64AE0B}.Alpha32 Release|Any CPU.Build.0 = Release|Win32
		{B1031197-8DEA-4E77-9664-D93D5E64AE0B}.Alpha32 Release|Win32.ActiveCfg = Release|Win32
		{B1031197-8DEA-4E77-9664-D93D5E64AE0B}.Alpha32 Release|Win32.Build.0 = Release|Win32
		{B1031197-8DEA-4E77-9664-D93D5E64AE0B}.Alpha32 Release|x64.ActiveCfg = Release|Win32
		{B1031197-8DEA-4E77-9664-D93D5E64AE0B}.Alpha32 Release|x64.Build.0 = Release|Win32
		{B1031197-8DEA-4E77-9664-D93D5E64AE0B}.Alpha32 Release|x86.ActiveCfg = Release|Win32
		{B1031197-8DEA-4E77-9664-D93D5E64AE0B}.Alpha32 Release|x86.Build.0 = Release|Win32
		{B1031197-8DEA-4E77-9664-D93D5E64AE0B}.Debug|Any CPU.ActiveCfg = Debug|Win32
		{B1031197-8DEA-4E77-9664-D93D5E64AE0B}.Debug|Win32.ActiveCfg = Debug|Win32
		{B1031197-8DEA-4E77-9664-D93D5E64AE0B}.Debug|Win32.Build.0 = Debug|Win32
		{B1031197-8DEA-4E77-9664-D93D5E64AE0B}.Debug|x64.ActiveCfg = Debug|Win32
		{B1031197-8DEA-4E77-9664-D93D5E64AE0B}.Debug|x86.ActiveCfg = Debug|Win32
		{B1031197-8DEA-4E77-9664-D93D5E64AE0B}.Debug|x86.Build.0 = Debug|Win32
		{B1031197-8DEA-4E77-9664-D93D5E64AE0B}.Profile|Any CPU.ActiveCfg = Debug|Win32
		{B1031197-8DEA-4E77-9664-D93D5E64AE0B}.Profile|Any CPU.Build.0 = Debug|Win32
		{B1031197-8DEA-4E77-9664-D93D5E64AE0B}.Profile|Win32.ActiveCfg = Debug|Win32
		{B1031197-8DEA-4E77-9664-D93D5E64AE0B}.Profile|Win32.Build.0 = Debug|Win32
		{B1031197-8DEA-4E77-9664-D93D5E64AE0B}.Profile|x64.ActiveCfg = Debug|Win32
		{B1031197-8DEA-4E77-9664-D93D5E64AE0B}.Profile|x64.Build.0 = Debug|Win32
		{B1031197-8DEA-4E77-9664-D93D5E64AE0B}.Profile|x86.ActiveCfg = Debug|Win32
		{B1031197-8DEA-4E77-9664-D93D5E64AE0B}.Profile|x86.Build.0 = Debug|Win32
		{B1031197-8DEA-4E77-9664-D93D5E64AE0B}.Relase|Any CPU.ActiveCfg = Debug|Win32
		{B1031197-8DEA-4E77-9664-D93D5E64AE0B}.Relase|Any CPU.Build.0 = Debug|Win32
		{B1031197-8DEA-4E77-9664-D93D5E64AE0B}.Relase|Win32.ActiveCfg = Release|Win32
		{B1031197-8DEA-4E77-9664-D93D5E64AE0B}.Relase|Win32.Build.0 = Release|Win32
		{B1031197-8DEA-4E77-9664-D93D5E64AE0B}.Relase|x64.ActiveCfg = Debug|Win32
		{B1031197-8DEA-4E77-9664-D93D5E64AE0B}.Relase|x64.Build.0 = Debug|Win32
		{B1031197-8DEA-4E77-9664-D93D5E64AE0B}.Relase|x86.ActiveCfg = Release|Win32
		{B1031197-8DEA-4E77-9664-D93D5E64AE0B}.Relase|x86.Build.0 = Release|Win32
		{B1031197-8DEA-4E77-9664-D93D5E64AE0B}.Release|Any CPU.ActiveCfg = Release|Win32
		{B1031197-8DEA-4E77-9664-D93D5E64AE0B}.Release|Win32.ActiveCfg = Release|Win32
		{B1031197-8DEA-4E77-9664-D93D5E64AE0B}.Release|Win32.Build.0 = Release|Win32
		{B1031197-8DEA-4E77-9664-D93D5E64AE0B}.Release|x64.ActiveCfg = Release|Win32
		{B1031197-8DEA-4E77-9664-D93D5E64AE0B}.Release|x86.ActiveCfg = Release|Win32
		{B1031197-8DEA-4E77-9664-D93D5E64AE0B}.Release|x86.Build.0 = Release|Win32
		{B1031197-8DEA-4E77-9664-D93D5E64AE0B}.Template|Any CPU.ActiveCfg = Release|Win32
		{B1031197-8DEA-4E77-9664-D93D5E64AE0B}.Template|Any CPU.Build.0 = Release|Win32
		{B1031197-8DEA-4E77-9664-D93D5E64AE0B}.Template|Win32.ActiveCfg = Release|Win32
		{B1031197-8DEA-4E77-9664-D93D5E64AE0B}.Template|Win32.Build.0 = Release|Win32
		{B1031197-8DEA-4E77-9664-D93D5E64AE0B}.Template|x64.ActiveCfg = Release|Win32
		{B1031197-8DEA-4E77-9664-D93D5E64AE0B}.Template|x64.Build.0 = Release|Win32
		{B1031197-8DEA-4E77-9664-D93D5E64AE0B}.Template|x86.ActiveCfg = Release|Win32
		{B1031197-8DEA-4E77-9664-D93D5E64AE0B}.Template|x86.Build.0 = Release|Win32
		{A4E985B0-A578-45C0-AC38-08481148D249}.Alpha32 Debug|Any CPU.ActiveCfg = Release|Win32
		{A4E985B0-A578-45C0-AC38-08481148D249}.Alpha32 Debug|Any CPU.Build.0 = Release|Win32
		{A4E985B0-A578-45C0-AC38-08481148D249}.Alpha32 Debug|Win32.ActiveCfg = Debug|Win32
		{A4E985B0-A578-45C0-AC38-08481148D249}.Alpha32 Debug|Win32.Build.0 = Debug|Win32
		{A4E985B0-A578-45C0-AC38-08481148D249}.Alpha32 Debug|x64.ActiveCfg = Release|Win32
		{A4E985B0-A578-45C0-AC38-08481148D249}.Alpha32 Debug|x64.Build.0 = Release|Win32
		{A4E985B0-A578-45C0-AC38-08481148D249}.Alpha32 Debug|x86.ActiveCfg = Debug|Win32
		{A4E985B0-A578-45C0-AC38-08481148D249}.Alpha32 Debug|x86.Build.0 = Debug|Win32
		{A4E985B0-A578-45C0-AC38-08481148D249}.Alpha32 Release|Any CPU.ActiveCfg = Release|Win32
		{A4E985B0-A578-45C0-AC38-08481148D249}.Alpha32 Release|Any CPU.Build.0 = Release|Win32
		{A4E985B0-A578-45C0-AC38-08481148D249}.Alpha32 Release|Win32.ActiveCfg = Release|Win32
		{A4E985B0-A578-45C0-AC38-08481148D249}.Alpha32 Release|Win32.Build.0 = Release|Win32
		{A4E985B0-A578-45C0-AC38-08481148D249}.Alpha32 Release|x64.ActiveCfg = Release|Win32
		{A4E985B0-A578-45C0-AC38-08481148D249}.Alpha32 Release|x64.Build.0 = Release|Win32
		{A4E985B0-A578-45C0-AC38-08481148D249}.Alpha32 Release|x86.ActiveCfg = Release|Win32
		{A4E985B0-A578-45C0-AC38-08481148D249}.Alpha32 Release|x86.Build.0 = Release|Win32
		{A4E985B0-A578-45C0-AC38-08481148D249}.Debug|Any CPU.ActiveCfg = Debug|Win32
		{A4E985B0-A578-45C0-AC38-08481148D249}.Debug|Win32.ActiveCfg = Debug|Win32
		{A4E985B0-A578-45C0-AC38-08481148D249}.Debug|Win32.Build.0 = Debug|Win32
		{A4E985B0-A578-45C0-AC38-08481148D249}.Debug|x64.ActiveCfg = Debug|Win32
		{A4E985B0-A578-45C0-AC38-08481148D249}.Debug|x86.ActiveCfg = Debug|Win32
		{A4E985B0-A578-45C0-AC38-08481148D249}.Debug|x86.Build.0 = Debug|Win32
		{A4E985B0-A578-45C0-AC38-08481148D249}.Profile|Any CPU.ActiveCfg = Debug|Win32
		{A4E985B0-A578-45C0-AC38-08481148D249}.Profile|Any CPU.Build.0 = Debug|Win32
		{A4E985B0-A578-45C0-AC38-08481148D249}.Profile|Win32.ActiveCfg = Debug|Win32
		{A4E985B0-A578-45C0-AC38-08481148D249}.Profile|Win32.Build.0 = Debug|Win32
		{A4E985B0-A578-45C0-AC38-08481148D249}.Profile|x64.ActiveCfg = Debug|Win32
		{A4E985B0-A578-45C0-AC38-08481148D249}.Profile|x64.Build.0 = Debug|Win32
		{A4E985B0-A578-45C0-AC38-08481148D249}.Profile|x86.ActiveCfg = Debug|Win32
		{A4E985B0-A578-45C0-AC38-08481148D249}.Profile|x86.Build.0 = Debug|Win32
		{A4E985B0-A578-45C0-AC38-08481148D249}.Relase|Any CPU.ActiveCfg = Debug|Win32
		{A4E985B0-A578-45C0-AC38-08481148D249}.Relase|Any CPU.Build.0 = Debug|Win32
		{A4E985B0-A578-45C0-AC38-08481148D249}.Relase|Win32.ActiveCfg = Release|Win32
		{A4E985B0-A578-45C0-AC38-08481148D249}.Relase|Win32.Build.0 = Release|Win32
		{A4E985B0-A578-45C0-AC38-08481148D249}.Relase|x64.ActiveCfg = Debug|Win32
		{A4E985B0-A578-45C0-AC38-08481148D249}.Relase|x64.Build.0 = Debug|Win32
		{A4E985B0-A578-45C0-AC38-08481148D249}.Relase|x86.ActiveCfg = Release|Win32
		{A4E985B0-A578-45C0-AC38-08481148D249}.Relase|x86.Build.0 = Release|Win32
		{A4E985B0-A578-45C0-AC38-08481148D249}.Release|Any CPU.ActiveCfg = Release|Win32
		{A4E985B0-A578-45C0-AC38-08481148D249}.Release|Win32.ActiveCfg = Release|Win32
		{A4E985B0-A578-45C0-AC38-08481148D249}.Release|Win32.Build.0 = Release|Win32
		{A4E985B0-A578-45C0-AC38-08481148D249}.Release|x64.ActiveCfg = Release|Win32
		{A4E985B0-A578-45C0-AC38-08481148D249}.Release|x86.ActiveCfg = Release|Win32
		{A4E985B0-A578-45C0-AC38-08481148D249}.Release|x86.Build.0 = Release|Win32
		{A4E985B0-A578-45C0-AC38-08481148D249}.Template|Any CPU.ActiveCfg = Release|Win32
		{A4E985B0-A578-45C0-AC38-08481148D249}.Template|Any CPU.Build.0 = Release|Win32
		{A4E985B0-A578-45C0-AC38-08481148D249}.Template|Win32.ActiveCfg = Release|Win32
		{A4E985B0-A578-45C0-AC38-08481148D249}.Template|Win32.Build.0 = Release|Win32
		{A4E985B0-A578-45C0-AC38-08481148D249}.Template|x64.ActiveCfg = Release|Win32
		{A4E985B0-A578-45C0-AC38-08481148D249}.Template|x64.Build.0 = Release|Win32
		{A4E985B0-A578-45C0-AC38-08481148D249}.Template|x86.ActiveCfg = Release|Win32
		{A4E985B0-A578-45C0-AC38-08481148D249}.Template|x86.Build.0 = Release|Win32
		{BE52E332-A4C8-467A-952C-EABDA13E522C}.Alpha32 Debug|Any CPU.ActiveCfg = Release|Win32
		{BE52E332-A4C8-467A-952C-EABDA13E522C}.Alpha32 Debug|Any CPU.Build.0 = Release|Win32
		{BE52E332-A4C8-467A-952C-EABDA13E522C}.Alpha32 Debug|Win32.ActiveCfg = Debug|Win32
		{BE52E332-A4C8-467A-952C-EABDA13E522C}.Alpha32 Debug|Win32.Build.0 = Debug|Win32
		{BE52E332-A4C8-467A-952C-EABDA13E522C}.Alpha32 Debug|x64.ActiveCfg = Release|Win32
		{BE52E332-A4C8-467A-952C-EABDA13E522C}.Alpha32 Debug|x64.Build.0 = Release|Win32
		{BE52E332-A4C8-467A-952C-EABDA13E522C}.Alpha32 Debug|x86.ActiveCfg = Debug|Win32
		{BE52E332-A4C8-467A-952C-EABDA13E522C}.Alpha32 Debug|x86.Build.0 = Debug|Win32
		{BE52E332-A4C8-467A-952C-EABDA13E522C}.Alpha32 Release|Any CPU.ActiveCfg = Release|Win32
		{BE52E332-A4C8-467A-952C-EABDA13E522C}.Alpha32 Release|Any CPU.Build.0 = Release|Win32
		{BE52E332-A4C8-467A-952C-EABDA13E522C}.Alpha32 Release|Win32.ActiveCfg = Release|Win32
		{BE52E332-A4C8-467A-952C-EABDA13E522C}.Alpha32 Release|Win32.Build.0 = Release|Win32
		{BE52E332-A4C8-467A-952C-EABDA13E522C}.Alpha32 Release|x64.ActiveCfg = Release|Win32
		{BE52E332-A4C8-467A-952C-EABDA13E522C}.Alpha32 Release|x64.Build.0 = Release|Win32
		{BE52E332-A4C8-467A-952C-EABDA13E522C}.Alpha32 Release|x86.ActiveCfg = Release|Win32
		{BE52E332-A4C8-467A-952C-EABDA13E522C}.Alpha32 Release|x86.Build.0 = Release|Win32
		{BE52E332-A4C8-467A-952C-EABDA13E522C}.Debug|Any CPU.ActiveCfg = Debug|Win32
		{BE52E332-A4C8-467A-952C-EABDA13E522C}.Debug|Win32.ActiveCfg = Debug|Win32
		{BE52E332-A4C8-467A-952C-EABDA13E522C}.Debug|Win32.Build.0 = Debug|Win32
		{BE52E332-A4C8-467A-952C-EABDA13E522C}.Debug|x64.ActiveCfg = Debug|Win32
		{BE52E332-A4C8-467A-952C-EABDA13E522C}.Debug|x86.ActiveCfg = Debug|Win32
		{BE52E332-A4C8-467A-952C-EABDA13E522C}.Debug|x86.Build.0 = Debug|Win32
		{BE52E332-A4C8-467A-952C-EABDA13E522C}.Profile|Any CPU.ActiveCfg = Debug|Win32
		{BE52E332-A4C8-467A-952C-EABDA13E522C}.Profile|Any CPU.Build.0 = Debug|Win32
		{BE52E332-A4C8-467A-952C-EABDA13E522C}.Profile|Win32.ActiveCfg = Debug|Win32
		{BE52E332-A4C8-467A-952C-EABDA13E522C}.Profile|Win32.Build.0 = Debug|Win32
		{BE52E332-A4C8-467A-952C-EABDA13E522C}.Profile|x64.ActiveCfg = Debug|Win32
		{BE52E332-A4C8-467A-952C-EABDA13E522C}.Profile|x64.Build.0 = Debug|Win32
		{BE52E332-A4C8-467A-952C-EABDA13E522C}.Profile|x86.ActiveCfg = Debug|Win32
		{BE52E332-A4C8-467A-952C-EABDA13E522C}.Profile|x86.Build.0 = Debug|Win32
		{BE52E332-A4C8-467A-952C-EABDA13E522C}.Relase|Any CPU.ActiveCfg = Debug|Win32
		{BE52E332-A4C8-467A-952C-EABDA13E522C}.Relase|Any CPU.Build.0 = Debug|Win32
		{BE52E332-A4C8-467A-952C-EABDA13E522C}.Relase|Win32.ActiveCfg = Release|Win32
		{BE52E332-A4C8-467A-952C-EABDA13E522C}.Relase|Win32.Build.0 = Release|Win32
		{BE52E332-A4C8-467A-952C-EABDA13E522C}.Relase|x64.ActiveCfg = Debug|Win32
		{BE52E332-A4C8-467A-952C-EABDA13E522C}.Relase|x64.Build.0 = Debug|Win32
		{BE52E332-A4C8-467A-952C-EABDA13E522C}.Relase|x86.ActiveCfg = Release|Win32
		{BE52E332-A4C8-467A-952C-EABDA13E522C}.Relase|x86.Build.0 = Release|Win32
		{BE52E332-A4C8-467A-952C-EABDA13E522C}.Release|Any CPU.ActiveCfg = Release|Win32
		{BE52E332-A4C8-467A-952C-EABDA13E522C}.Release|Win32.ActiveCfg = Release|Win32
		{BE52E332-A4C8-467A-952C-EABDA13E522C}.Release|Win32.Build.0 = Release|Win32
		{BE52E332-A4C8-467A-952C-EABDA13E522C}.Release|x64.ActiveCfg = Release|Win32
		{BE52E332-A4C8-467A-952C-EABDA13E522C}.Release|x86.ActiveCfg = Release|Win32
		{BE52E332-A4C8-467A-952C-EABDA13E522C}.Release|x86.Build.0 = Release|Win32
		{BE52E332-A4C8-467A-952C-EABDA13E522C}.Template|Any CPU.ActiveCfg = Release|Win32
		{BE52E332-A4C8-467A-952C-EABDA13E522C}.Template|Any CPU.Build.0 = Release|Win32
		{BE52E332-A4C8-467A-952C-EABDA13E522C}.Template|Win32.ActiveCfg = Release|Win32
		{BE52E332-A4C8-467A-952C-EABDA13E522C}.Template|Win32.Build.0 = Release|Win32
		{BE52E332-A4C8-467A-952C-EABDA13E522C}.Template|x64.ActiveCfg = Release|Win32
		{BE52E332-A4C8-467A-952C-EABDA13E522C}.Template|x64.Build.0 = Release|Win32
		{BE52E332-A4C8-467A-952C-EABDA13E522C}.Template|x86.ActiveCfg = Release|Win32
		{BE52E332-A4C8-467A-952C-EABDA13E522C}.Template|x86.Build.0 = Release|Win32
		{41A81C71-7E3F-4E24-B338-02C425048E9F}.Alpha32 Debug|Any CPU.ActiveCfg = Release|Win32
		{41A81C71-7E3F-4E24-B338-02C425048E9F}.Alpha32 Debug|Any CPU.Build.0 = Release|Win32
		{41A81C71-7E3F-4E24-B338-02C425048E9F}.Alpha32 Debug|Win32.ActiveCfg = Debug|Win32
		{41A81C71-7E3F-4E24-B338-02C425048E9F}.Alpha32 Debug|Win32.Build.0 = Debug|Win32
		{41A81C71-7E3F-4E24-B338-02C425048E9F}.Alpha32 Debug|x64.ActiveCfg = Release|Win32
		{41A81C71-7E3F-4E24-B338-02C425048E9F}.Alpha32 Debug|x64.Build.0 = Release|Win32
		{41A81C71-7E3F-4E24-B338-02C425048E9F}.Alpha32 Debug|x86.ActiveCfg = Debug|Win32
		{41A81C71-7E3F-4E24-B338-02C425048E9F}.Alpha32 Debug|x86.Build.0 = Debug|Win32
		{41A81C71-7E3F-4E24-B338-02C425048E9F}.Alpha32 Release|Any CPU.ActiveCfg = Release|Win32
		{41A81C71-7E3F-4E24-B338-02C425048E9F}.Alpha32 Release|Any CPU.Build.0 = Release|Win32
		{41A81C71-7E3F-4E24-B338-02C425048E9F}.Alpha32 Release|Win32.ActiveCfg = Release|Win32
		{41A81C71-7E3F-4E24-B338-02C425048E9F}.Alpha32 Release|Win32.Build.0 = Release|Win32
		{41A81C71-7E3F-4E24-B338-02C425048E9F}.Alpha32 Release|x64.ActiveCfg = Release|Win32
		{41A81C71-7E3F-4E24-B338-02C425048E9F}.Alpha32 Release|x64.Build.0 = Release|Win32
		{41A81C71-7E3F-4E24-B338-02C425048E9F}.Alpha32 Release|x86.ActiveCfg = Release|Win32
		{41A81C71-7E3F-4E24-B338-02C425048E9F}.Alpha32 Release|x86.Build.0 = Release|Win32
		{41A81C71-7E3F-4E24-B338-02C425048E9F}.Debug|Any CPU.ActiveCfg = Debug|Win32
		{41A81C71-7E3F-4E24-B338-02C425048E9F}.Debug|Win32.ActiveCfg = Debug|Win32
		{41A81C71-7E3F-4E24-B338-02C425048E9F}.Debug|Win32.Build.0 = Debug|Win32
		{41A81C71-7E3F-4E24-B338-02C425048E9F}.Debug|x64.ActiveCfg = Debug|Win32
		{41A81C71-7E3F-4E24-B338-02C425048E9F}.Debug|x86.ActiveCfg = Debug|Win32
		{41A81C71-7E3F-4E24-B338-02C425048E9F}.Debug|x86.Build.0 = Debug|Win32
		{41A81C71-7E3F-4E24-B338-02C425048E9F}.Profile|Any CPU.ActiveCfg = Debug|Win32
		{41A81C71-7E3F-4E24-B338-02C425048E9F}.Profile|Any CPU.Build.0 = Debug|Win32
		{41A81C71-7E3F-4E24-B338-02C425048E9F}.Profile|Win32.ActiveCfg = Debug|Win32
		{41A81C71-7E3F-4E24-B338-02C425048E9F}.Profile|Win32.Build.0 = Debug|Win32
		{41A81C71-7E3F-4E24-B338-02C425048E9F}.Profile|x64.ActiveCfg = Debug|Win32
		{41A81C71-7E3F-4E24-B338-02C425048E9F}.Profile|x64.Build.0 = Debug|Win32
		{41A81C71-7E3F-4E24-B338-02C425048E9F}.Profile|x86.ActiveCfg = Debug|Win32
		{41A81C71-7E3F-4E24-B338-02C425048E9F}.Profile|x86.Build.0 = Debug|Win32
		{41A81C71-7E3F-4E24-B338-02C425048E9F}.Relase|Any CPU.ActiveCfg = Debug|Win32
		{41A81C71-7E3F-4E24-B338-02C425048E9F}.Relase|Any CPU.Build.0 = Debug|Win32
		{41A81C71-7E3F-4E24-B338-02C425048E9F}.Relase|Win32.ActiveCfg = Release|Win32
		{41A81C71-7E3F-4E24-B338-02C425048E9F}.Relase|Win32.Build.0 = Release|Win32
		{41A81C71-7E3F-4E24-B338-02C425048E9F}.Relase|x64.ActiveCfg = Debug|Win32
		{41A81C71-7E3F-4E24-B338-02C425048E9F}.Relase|x64.Build.0 = Debug|Win32
		{41A81C71-7E3F-4E24-B338-02C425048E9F}.Relase|x86.ActiveCfg = Release|Win32
		{41A81C71-7E3F-4E24-B338-02C425048E9F}.Relase|x86.Build.0 = Release|Win32
		{41A81C71-7E3F-4E24-B338-02C425048E9F}.Release|Any CPU.ActiveCfg = Release|Win32
		{41A81C71-7E3F-4E24-B338-02C425048E9F}.Release|Win32.ActiveCfg = Release|Win32
		{41A81C71-7E3F-4E24-B338-02C425048E9F}.Release|Win32.Build.0 = Release|Win32
		{41A81C71-7E3F-4E24-B338-02C425048E9F}.Release|x64.ActiveCfg = Release|Win32
		{41A81C71-7E3F-4E24-B338-02C425048E9F}.Release|x86.ActiveCfg = Release|Win32
		{41A81C71-7E3F-4E24-B338-02C425048E9F}.Release|x86.Build.0 = Release|Win32
		{41A81C71-7E3F-4E24-B338-02C425048E9F}.Template|Any CPU.ActiveCfg = Release|Win32
		{41A81C71-7E3F-4E24-B338-02C425048E9F}.Template|Any CPU.Build.0 = Release|Win32
		{41A81C71-7E3F-4E24-B338-02C425048E9F}.Template|Win32.ActiveCfg = Release|Win32
		{41A81C71-7E3F-4E24-B338-02C425048E9F}.Template|Win32.Build.0 = Release|Win32
		{41A81C71-7E3F-4E24-B338-02C425048E9F}.Template|x64.ActiveCfg = Release|Win32
		{41A81C71-7E3F-4E24-B338-02C425048E9F}.Template|x64.Build.0 = Release|Win32
		{41A81C71-7E3F-4E24-B338-02C425048E9F}.Template|x86.ActiveCfg = Release|Win32
		{41A81C71-7E3F-4E24-B338-02C425048E9F}.Template|x86.Build.0 = Release|Win32
		{A51A8186-D1CB-4D1B-AD56-4C67879BAB96}.Alpha32 Debug|Any CPU.ActiveCfg = Release|Win32
		{A51A8186-D1CB-4D1B-AD56-4C67879BAB96}.Alpha32 Debug|Any CPU.Build.0 = Release|Win32
		{A51A8186-D1CB-4D1B-AD56-4C67879BAB96}.Alpha32 Debug|Win32.ActiveCfg = Debug|Win32
		{A51A8186-D1CB-4D1B-AD56-4C67879BAB96}.Alpha32 Debug|Win32.Build.0 = Debug|Win32
		{A51A8186-D1CB-4D1B-AD56-4C67879BAB96}.Alpha32 Debug|x64.ActiveCfg = Release|Win32
		{A51A8186-D1CB-4D1B-AD56-4C67879BAB96}.Alpha32 Debug|x64.Build.0 = Release|Win32
		{A51A8186-D1CB-4D1B-AD56-4C67879BAB96}.Alpha32 Debug|x86.ActiveCfg = Debug|Win32
		{A51A8186-D1CB-4D1B-AD56-4C67879BAB96}.Alpha32 Debug|x86.Build.0 = Debug|Win32
		{A51A8186-D1CB-4D1B-AD56-4C67879BAB96}.Alpha32 Release|Any CPU.ActiveCfg = Release|Win32
		{A51A8186-D1CB-4D1B-AD56-4C67879BAB96}.Alpha32 Release|Any CPU.Build.0 = Release|Win32
		{A51A8186-D1CB-4D1B-AD56-4C67879BAB96}.Alpha32 Release|Win32.ActiveCfg = Release|Win32
		{A51A8186-D1CB-4D1B-AD56-4C67879BAB96}.Alpha32 Release|Win32.Build.0 = Release|Win32
		{A51A8186-D1CB-4D1B-AD56-4C67879BAB96}.Alpha32 Release|x64.ActiveCfg = Release|Win32
		{A51A8186-D1CB-4D1B-AD56-4C67879BAB96}.Alpha32 Release|x64.Build.0 = Release|Win32
		{A51A8186-D1CB-4D1B-AD56-4C67879BAB96}.Alpha32 Release|x86.ActiveCfg = Release|Win32
		{A51A8186-D1CB-4D1B-AD56-4C67879BAB96}.Alpha32 Release|x86.Build.0 = Release|Win32
		{A51A8186-D1CB-4D1B-AD56-4C67879BAB96}.Debug|Any CPU.ActiveCfg = Debug|Win32
		{A51A8186-D1CB-4D1B-AD56-4C67879BAB96}.Debug|Win32.ActiveCfg = Debug|Win32
		{A51A8186-D1CB-4D1B-AD56-4C67879BAB96}.Debug|Win32.Build.0 = Debug|Win32
		{A51A8186-D1CB-4D1B-AD56-4C67879BAB96}.Debug|x64.ActiveCfg = Debug|Win32
		{A51A8186-D1CB-4D1B-AD56-4C67879BAB96}.Debug|x86.ActiveCfg = Debug|Win32
		{A51A8186-D1CB-4D1B-AD56-4C67879BAB96}.Debug|x86.Build.0 = Debug|Win32
		{A51A8186-D1CB-4D1B-AD56-4C67879BAB96}.Profile|Any CPU.ActiveCfg = Debug|Win32
		{A51A8186-D1CB-4D1B-AD56-4C67879BAB96}.Profile|Any CPU.Build.0 = Debug|Win32
		{A51A8186-D1CB-4D1B-AD56-4C67879BAB96}.Profile|Win32.ActiveCfg = Debug|Win32
		{A51A8186-D1CB-4D1B-AD56-4C67879BAB96}.Profile|Win32.Build.0 = Debug|Win32
		{A51A8186-D1CB-4D1B-AD56-4C67879BAB96}.Profile|x64.ActiveCfg = Debug|Win32
		{A51A8186-D1CB-4D1B-AD56-4C67879BAB96}.Profile|x64.Build.0 = Debug|Win32
		{A51A8186-D1CB-4D1B-AD56-4C67879BAB96}.Profile|x86.ActiveCfg = Debug|Win32
		{A51A8186-D1CB-4D1B-AD56-4C67879BAB96}.Profile|x86.Build.0 = Debug|Win32
		{A51A8186-D1CB-4D1B-AD56-4C67879BAB96}.Relase|Any CPU.ActiveCfg = Release|Win32
		{A51A8186-D1CB-4D1B-AD56-4C67879BAB96}.Relase|Any CPU.Build.0 = Release|Win32
		{A51A8186-D1CB-4D1B-AD56-4C67879BAB96}.Relase|Win32.ActiveCfg = Release|Win32
		{A51A8186-D1CB-4D1B-AD56-4C67879BAB96}.Relase|Win32.Build.0 = Release|Win32
		{A51A8186-D1CB-4D1B-AD56-4C67879BAB96}.Relase|x64.ActiveCfg = Release|Win32
		{A51A8186-D1CB-4D1B-AD56-4C67879BAB96}.Relase|x64.Build.0 = Release|Win32
		{A51A8186-D1CB-4D1B-AD56-4C67879BAB96}.Relase|x86.ActiveCfg = Release|Win32
		{A51A8186-D1CB-4D1B-AD56-4C67879BAB96}.Relase|x86.Build.0 = Release|Win32
		{A51A8186-D1CB-4D1B-AD56-4C67879BAB96}.Release|Any CPU.ActiveCfg = Release|Win32
		{A51A8186-D1CB-4D1B-AD56-4C67879BAB96}.Release|Win32.ActiveCfg = Release|Win32
		{A51A8186-D1CB-4D1B-AD56-4C67879BAB96}.Release|Win32.Build.0 = Release|Win32
		{A51A8186-D1CB-4D1B-AD56-4C67879BAB96}.Release|x64.ActiveCfg = Release|Win32
		{A51A8186-D1CB-4D1B-AD56-4C67879BAB96}.Release|x86.ActiveCfg = Release|Win32
		{A51A8186-D1CB-4D1B-AD56-4C67879BAB96}.Release|x86.Build.0 = Release|Win32
		{A51A8186-D1CB-4D1B-AD56-4C67879BAB96}.Template|Any CPU.ActiveCfg = Release|Win32
		{A51A8186-D1CB-4D1B-AD56-4C67879BAB96}.Template|Any CPU.Build.0 = Release|Win32
		{A51A8186-D1CB-4D1B-AD56-4C67879BAB96}.Template|Win32.ActiveCfg = Release|Win32
		{A51A8186-D1CB-4D1B-AD56-4C67879BAB96}.Template|Win32.Build.0 = Release|Win32
		{A51A8186-D1CB-4D1B-AD56-4C67879BAB96}.Template|x64.ActiveCfg = Release|Win32
		{A51A8186-D1CB-4D1B-AD56-4C67879BAB96}.Template|x64.Build.0 = Release|Win32
		{A51A8186-D1CB-4D1B-AD56-4C67879BAB96}.Template|x86.ActiveCfg = Release|Win32
		{A51A8186-D1CB-4D1B-AD56-4C67879BAB96}.Template|x86.Build.0 = Release|Win32
		{08298771-D922-4A3A-8F3E-751808232704}.Alpha32 Debug|Any CPU.ActiveCfg = Release|Win32
		{08298771-D922-4A3A-8F3E-751808232704}.Alpha32 Debug|Any CPU.Build.0 = Release|Win32
		{08298771-D922-4A3A-8F3E-751808232704}.Alpha32 Debug|Win32.ActiveCfg = Debug|Win32
		{08298771-D922-4A3A-8F3E-751808232704}.Alpha32 Debug|Win32.Build.0 = Debug|Win32
		{08298771-D922-4A3A-8F3E-751808232704}.Alpha32 Debug|x64.ActiveCfg = Release|Win32
		{08298771-D922-4A3A-8F3E-751808232704}.Alpha32 Debug|x64.Build.0 = Release|Win32
		{08298771-D922-4A3A-8F3E-751808232704}.Alpha32 Debug|x86.ActiveCfg = Debug|Win32
		{08298771-D922-4A3A-8F3E-751808232704}.Alpha32 Debug|x86.Build.0 = Debug|Win32
		{08298771-D922-4A3A-8F3E-751808232704}.Alpha32 Release|Any CPU.ActiveCfg = Release|Win32
		{08298771-D922-4A3A-8F3E-751808232704}.Alpha32 Release|Any CPU.Build.0 = Release|Win32
		{08298771-D922-4A3A-8F3E-751808232704}.Alpha32 Release|Win32.ActiveCfg = Release|Win32
		{08298771-D922-4A3A-8F3E-751808232704}.Alpha32 Release|Win32.Build.0 = Release|Win32
		{08298771-D922-4A3A-8F3E-751808232704}.Alpha32 Release|x64.ActiveCfg = Release|Win32
		{08298771-D922-4A3A-8F3E-751808232704}.Alpha32 Release|x64.Build.0 = Release|Win32
		{08298771-D922-4A3A-8F3E-751808232704}.Alpha32 Release|x86.ActiveCfg = Release|Win32
		{08298771-D922-4A3A-8F3E-751808232704}.Alpha32 Release|x86.Build.0 = Release|Win32
		{08298771-D922-4A3A-8F3E-751808232704}.Debug|Any CPU.ActiveCfg = Debug|Win32
		{08298771-D922-4A3A-8F3E-751808232704}.Debug|Win32.ActiveCfg = Debug|Win32
		{08298771-D922-4A3A-8F3E-751808232704}.Debug|Win32.Build.0 = Debug|Win32
		{08298771-D922-4A3A-8F3E-751808232704}.Debug|x64.ActiveCfg = Debug|Win32
		{08298771-D922-4A3A-8F3E-751808232704}.Debug|x86.ActiveCfg = Debug|Win32
		{08298771-D922-4A3A-8F3E-751808232704}.Debug|x86.Build.0 = Debug|Win32
		{08298771-D922-4A3A-8F3E-751808232704}.Profile|Any CPU.ActiveCfg = Debug|Win32
		{08298771-D922-4A3A-8F3E-751808232704}.Profile|Any CPU.Build.0 = Debug|Win32
		{08298771-D922-4A3A-8F3E-751808232704}.Profile|Win32.ActiveCfg = Debug|Win32
		{08298771-D922-4A3A-8F3E-751808232704}.Profile|Win32.Build.0 = Debug|Win32
		{08298771-D922-4A3A-8F3E-751808232704}.Profile|x64.ActiveCfg = Debug|Win32
		{08298771-D922-4A3A-8F3E-751808232704}.Profile|x64.Build.0 = Debug|Win32
		{08298771-D922-4A3A-8F3E-751808232704}.Profile|x86.ActiveCfg = Debug|Win32
		{08298771-D922-4A3A-8F3E-751808232704}.Profile|x86.Build.0 = Debug|Win32
		{08298771-D922-4A3A-8F3E-751808232704}.Relase|Any CPU.ActiveCfg = Release|Win32
		{08298771-D922-4A3A-8F3E-751808232704}.Relase|Any CPU.Build.0 = Release|Win32
		{08298771-D922-4A3A-8F3E-751808232704}.Relase|Win32.ActiveCfg = Release|Win32
		{08298771-D922-4A3A-8F3E-751808232704}.Relase|Win32.Build.0 = Release|Win32
		{08298771-D922-4A3A-8F3E-751808232704}.Relase|x64.ActiveCfg = Release|Win32
		{08298771-D922-4A3A-8F3E-751808232704}.Relase|x64.Build.0 = Release|Win32
		{08298771-D922-4A3A-8F3E-751808232704}.Relase|x86.ActiveCfg = Release|Win32
		{08298771-D922-4A3A-8F3E-751808232704}.Relase|x86.Build.0 = Release|Win32
		{08298771-D922-4A3A-8F3E-751808232704}.Release|Any CPU.ActiveCfg = Release|Win32
		{08298771-D922-4A3A-8F3E-751808232704}.Release|Win32.ActiveCfg = Release|Win32
		{08298771-D922-4A3A-8F3E-751808232704}.Release|Win32.Build.0 = Release|Win32
		{08298771-D922-4A3A-8F3E-751808232704}.Release|x64.ActiveCfg = Release|Win32
		{08298771-D922-4A3A-8F3E-751808232704}.Release|x86.ActiveCfg = Release|Win32
		{08298771-D922-4A3A-8F3E-751808232704}.Release|x86.Build.0 = Release|Win32
		{08298771-D922-4A3A-8F3E-751808232704}.Template|Any CPU.ActiveCfg = Release|Win32
		{08298771-D922-4A3A-8F3E-751808232704}.Template|Any CPU.Build.0 = Release|Win32
		{08298771-D922-4A3A-8F3E-751808232704}.Template|Win32.ActiveCfg = Release|Win32
		{08298771-D922-4A3A-8F3E-751808232704}.Template|Win32.Build.0 = Release|Win32
		{08298771-D922-4A3A-8F3E-751808232704}.Template|x64.ActiveCfg = Release|Win32
		{08298771-D922-4A3A-8F3E-751808232704}.Template|x64.Build.0 = Release|Win32
		{08298771-D922-4A3A-8F3E-751808232704}.Template|x86.ActiveCfg = Release|Win32
		{08298771-D922-4A3A-8F3E-751808232704}.Template|x86.Build.0 = Release|Win32
		{6B88BED9-0FA0-48B6-9147-822078CE0A3E}.Alpha32 Debug|Any CPU.ActiveCfg = Release|x64
		{6B88BED9-0FA0-48B6-9147-822078CE0A3E}.Alpha32 Debug|Any CPU.Build.0 = Release|x64
		{6B88BED9-0FA0-48B6-9147-822078CE0A3E}.Alpha32 Debug|Win32.ActiveCfg = Debug|Win32
		{6B88BED9-0FA0-48B6-9147-822078CE0A3E}.Alpha32 Debug|Win32.Build.0 = Debug|Win32
		{6B88BED9-0FA0-48B6-9147-822078CE0A3E}.Alpha32 Debug|x64.ActiveCfg = Debug|x64
		{6B88BED9-0FA0-48B6-9147-822078CE0A3E}.Alpha32 Debug|x64.Build.0 = Debug|x64
		{6B88BED9-0FA0-48B6-9147-822078CE0A3E}.Alpha32 Debug|x86.ActiveCfg = Debug|Win32
		{6B88BED9-0FA0-48B6-9147-822078CE0A3E}.Alpha32 Debug|x86.Build.0 = Debug|Win32
		{6B88BED9-0FA0-48B6-9147-822078CE0A3E}.Alpha32 Release|Any CPU.ActiveCfg = Release|x64
		{6B88BED9-0FA0-48B6-9147-822078CE0A3E}.Alpha32 Release|Any CPU.Build.0 = Release|x64
		{6B88BED9-0FA0-48B6-9147-822078CE0A3E}.Alpha32 Release|Win32.ActiveCfg = Release|Win32
		{6B88BED9-0FA0-48B6-9147-822078CE0A3E}.Alpha32 Release|Win32.Build.0 = Release|Win32
		{6B88BED9-0FA0-48B6-9147-822078CE0A3E}.Alpha32 Release|x64.ActiveCfg = Release|x64
		{6B88BED9-0FA0-48B6-9147-822078CE0A3E}.Alpha32 Release|x64.Build.0 = Release|x64
		{6B88BED9-0FA0-48B6-9147-822078CE0A3E}.Alpha32 Release|x86.ActiveCfg = Release|Win32
		{6B88BED9-0FA0-48B6-9147-822078CE0A3E}.Alpha32 Release|x86.Build.0 = Release|Win32
		{6B88BED9-0FA0-48B6-9147-822078CE0A3E}.Debug|Any CPU.ActiveCfg = Debug|Win32
		{6B88BED9-0FA0-48B6-9147-822078CE0A3E}.Debug|Win32.ActiveCfg = Debug|Win32
		{6B88BED9-0FA0-48B6-9147-822078CE0A3E}.Debug|Win32.Build.0 = Debug|Win32
		{6B88BED9-0FA0-48B6-9147-822078CE0A3E}.Debug|x64.ActiveCfg = Debug|x64
		{6B88BED9-0FA0-48B6-9147-822078CE0A3E}.Debug|x64.Build.0 = Debug|x64
		{6B88BED9-0FA0-48B6-9147-822078CE0A3E}.Debug|x86.ActiveCfg = Debug|Win32
		{6B88BED9-0FA0-48B6-9147-822078CE0A3E}.Debug|x86.Build.0 = Debug|Win32
		{6B88BED9-0FA0-48B6-9147-822078CE0A3E}.Profile|Any CPU.ActiveCfg = Release|Win32
		{6B88BED9-0FA0-48B6-9147-822078CE0A3E}.Profile|Any CPU.Build.0 = Release|Win32
		{6B88BED9-0FA0-48B6-9147-822078CE0A3E}.Profile|Win32.ActiveCfg = Release|Win32
		{6B88BED9-0FA0-48B6-9147-822078CE0A3E}.Profile|Win32.Build.0 = Release|Win32
		{6B88BED9-0FA0-48B6-9147-822078CE0A3E}.Profile|x64.ActiveCfg = Debug|x64
		{6B88BED9-0FA0-48B6-9147-822078CE0A3E}.Profile|x64.Build.0 = Debug|x64
		{6B88BED9-0FA0-48B6-9147-822078CE0A3E}.Profile|x86.ActiveCfg = Release|Win32
		{6B88BED9-0FA0-48B6-9147-822078CE0A3E}.Profile|x86.Build.0 = Release|Win32
		{6B88BED9-0FA0-48B6-9147-822078CE0A3E}.Relase|Any CPU.ActiveCfg = Release|x64
		{6B88BED9-0FA0-48B6-9147-822078CE0A3E}.Relase|Any CPU.Build.0 = Release|x64
		{6B88BED9-0FA0-48B6-9147-822078CE0A3E}.Relase|Win32.ActiveCfg = Release|Win32
		{6B88BED9-0FA0-48B6-9147-822078CE0A3E}.Relase|Win32.Build.0 = Release|Win32
		{6B88BED9-0FA0-48B6-9147-822078CE0A3E}.Relase|x64.ActiveCfg = Release|x64
		{6B88BED9-0FA0-48B6-9147-822078CE0A3E}.Relase|x64.Build.0 = Release|x64
		{6B88BED9-0FA0-48B6-9147-822078CE0A3E}.Relase|x86.ActiveCfg = Release|Win32
		{6B88BED9-0FA0-48B6-9147-822078CE0A3E}.Relase|x86.Build.0 = Release|Win32
		{6B88BED9-0FA0-48B6-9147-822078CE0A3E}.Release|Any CPU.ActiveCfg = Release|Win32
		{6B88BED9-0FA0-48B6-9147-822078CE0A3E}.Release|Win32.ActiveCfg = Release|Win32
		{6B88BED9-0FA0-48B6-9147-822078CE0A3E}.Release|Win32.Build.0 = Release|Win32
		{6B88BED9-0FA0-48B6-9147-822078CE0A3E}.Release|x64.ActiveCfg = Release|x64
		{6B88BED9-0FA0-48B6-9147-822078CE0A3E}.Release|x64.Build.0 = Release|x64
		{6B88BED9-0FA0-48B6-9147-822078CE0A3E}.Release|x86.ActiveCfg = Release|Win32
		{6B88BED9-0FA0-48B6-9147-822078CE0A3E}.Release|x86.Build.0 = Release|Win32
		{6B88BED9-0FA0-48B6-9147-822078CE0A3E}.Template|Any CPU.ActiveCfg = Release|x64
		{6B88BED9-0FA0-48B6-9147-822078CE0A3E}.Template|Any CPU.Build.0 = Release|x64
		{6B88BED9-0FA0-48B6-9147-822078CE0A3E}.Template|Win32.ActiveCfg = Release|Win32
		{6B88BED9-0FA0-48B6-9147-822078CE0A3E}.Template|Win32.Build.0 = Release|Win32
		{6B88BED9-0FA0-48B6-9147-822078CE0A3E}.Template|x64.ActiveCfg = Release|x64
		{6B88BED9-0FA0-48B6-9147-822078CE0A3E}.Template|x64.Build.0 = Release|x64
		{6B88BED9-0FA0-48B6-9147-822078CE0A3E}.Template|x86.ActiveCfg = Release|Win32
		{6B88BED9-0FA0-48B6-9147-822078CE0A3E}.Template|x86.Build.0 = Release|Win32
		{0F5480F6-4CA0-4B45-813B-8E62490CE34D}.Alpha32 Debug|Any CPU.ActiveCfg = Release|x64
		{0F5480F6-4CA0-4B45-813B-8E62490CE34D}.Alpha32 Debug|Any CPU.Build.0 = Release|x64
		{0F5480F6-4CA0-4B45-813B-8E62490CE34D}.Alpha32 Debug|Win32.ActiveCfg = Debug|Win32
		{0F5480F6-4CA0-4B45-813B-8E62490CE34D}.Alpha32 Debug|Win32.Build.0 = Debug|Win32
		{0F5480F6-4CA0-4B45-813B-8E62490CE34D}.Alpha32 Debug|x64.ActiveCfg = Debug|x64
		{0F5480F6-4CA0-4B45-813B-8E62490CE34D}.Alpha32 Debug|x64.Build.0 = Debug|x64
		{0F5480F6-4CA0-4B45-813B-8E62490CE34D}.Alpha32 Debug|x86.ActiveCfg = Debug|Win32
		{0F5480F6-4CA0-4B45-813B-8E62490CE34D}.Alpha32 Debug|x86.Build.0 = Debug|Win32
		{0F5480F6-4CA0-4B45-813B-8E62490CE34D}.Alpha32 Release|Any CPU.ActiveCfg = Release|x64
		{0F5480F6-4CA0-4B45-813B-8E62490CE34D}.Alpha32 Release|Any CPU.Build.0 = Release|x64
		{0F5480F6-4CA0-4B45-813B-8E62490CE34D}.Alpha32 Release|Win32.ActiveCfg = Release|Win32
		{0F5480F6-4CA0-4B45-813B-8E62490CE34D}.Alpha32 Release|Win32.Build.0 = Release|Win32
		{0F5480F6-4CA0-4B45-813B-8E62490CE34D}.Alpha32 Release|x64.ActiveCfg = Release|x64
		{0F5480F6-4CA0-4B45-813B-8E62490CE34D}.Alpha32 Release|x64.Build.0 = Release|x64
		{0F5480F6-4CA0-4B45-813B-8E62490CE34D}.Alpha32 Release|x86.ActiveCfg = Release|Win32
		{0F5480F6-4CA0-4B45-813B-8E62490CE34D}.Alpha32 Release|x86.Build.0 = Release|Win32
		{0F5480F6-4CA0-4B45-813B-8E62490CE34D}.Debug|Any CPU.ActiveCfg = Debug|Win32
		{0F5480F6-4CA0-4B45-813B-8E62490CE34D}.Debug|Win32.ActiveCfg = Debug|Win32
		{0F5480F6-4CA0-4B45-813B-8E62490CE34D}.Debug|Win32.Build.0 = Debug|Win32
		{0F5480F6-4CA0-4B45-813B-8E62490CE34D}.Debug|x64.ActiveCfg = Debug|x64
		{0F5480F6-4CA0-4B45-813B-8E62490CE34D}.Debug|x64.Build.0 = Debug|x64
		{0F5480F6-4CA0-4B45-813B-8E62490CE34D}.Debug|x86.ActiveCfg = Debug|Win32
		{0F5480F6-4CA0-4B45-813B-8E62490CE34D}.Debug|x86.Build.0 = Debug|Win32
		{0F5480F6-4CA0-4B45-813B-8E62490CE34D}.Profile|Any CPU.ActiveCfg = Release|x64
		{0F5480F6-4CA0-4B45-813B-8E62490CE34D}.Profile|Any CPU.Build.0 = Release|x64
		{0F5480F6-4CA0-4B45-813B-8E62490CE34D}.Profile|Win32.ActiveCfg = Release|Win32
		{0F5480F6-4CA0-4B45-813B-8E62490CE34D}.Profile|Win32.Build.0 = Release|Win32
		{0F5480F6-4CA0-4B45-813B-8E62490CE34D}.Profile|x64.ActiveCfg = Release|x64
		{0F5480F6-4CA0-4B45-813B-8E62490CE34D}.Profile|x64.Build.0 = Release|x64
		{0F5480F6-4CA0-4B45-813B-8E62490CE34D}.Profile|x86.ActiveCfg = Release|Win32
		{0F5480F6-4CA0-4B45-813B-8E62490CE34D}.Profile|x86.Build.0 = Release|Win32
		{0F5480F6-4CA0-4B45-813B-8E62490CE34D}.Relase|Any CPU.ActiveCfg = Release|x64
		{0F5480F6-4CA0-4B45-813B-8E62490CE34D}.Relase|Any CPU.Build.0 = Release|x64
		{0F5480F6-4CA0-4B45-813B-8E62490CE34D}.Relase|Win32.ActiveCfg = Release|Win32
		{0F5480F6-4CA0-4B45-813B-8E62490CE34D}.Relase|Win32.Build.0 = Release|Win32
		{0F5480F6-4CA0-4B45-813B-8E62490CE34D}.Relase|x64.ActiveCfg = Release|x64
		{0F5480F6-4CA0-4B45-813B-8E62490CE34D}.Relase|x64.Build.0 = Release|x64
		{0F5480F6-4CA0-4B45-813B-8E62490CE34D}.Relase|x86.ActiveCfg = Release|Win32
		{0F5480F6-4CA0-4B45-813B-8E62490CE34D}.Relase|x86.Build.0 = Release|Win32
		{0F5480F6-4CA0-4B45-813B-8E62490CE34D}.Release|Any CPU.ActiveCfg = Release|Win32
		{0F5480F6-4CA0-4B45-813B-8E62490CE34D}.Release|Win32.ActiveCfg = Release|Win32
		{0F5480F6-4CA0-4B45-813B-8E62490CE34D}.Release|Win32.Build.0 = Release|Win32
		{0F5480F6-4CA0-4B45-813B-8E62490CE34D}.Release|x64.ActiveCfg = Release|x64
		{0F5480F6-4CA0-4B45-813B-8E62490CE34D}.Release|x64.Build.0 = Release|x64
		{0F5480F6-4CA0-4B45-813B-8E62490CE34D}.Release|x86.ActiveCfg = Release|Win32
		{0F5480F6-4CA0-4B45-813B-8E62490CE34D}.Release|x86.Build.0 = Release|Win32
		{0F5480F6-4CA0-4B45-813B-8E62490CE34D}.Template|Any CPU.ActiveCfg = Release|x64
		{0F5480F6-4CA0-4B45-813B-8E62490CE34D}.Template|Any CPU.Build.0 = Release|x64
		{0F5480F6-4CA0-4B45-813B-8E62490CE34D}.Template|Win32.ActiveCfg = Release|Win32
		{0F5480F6-4CA0-4B45-813B-8E62490CE34D}.Template|Win32.Build.0 = Release|Win32
		{0F5480F6-4CA0-4B45-813B-8E62490CE34D}.Template|x64.ActiveCfg = Release|x64
		{0F5480F6-4CA0-4B45-813B-8E62490CE34D}.Template|x64.Build.0 = Release|x64
		{0F5480F6-4CA0-4B45-813B-8E62490CE34D}.Template|x86.ActiveCfg = Release|Win32
		{0F5480F6-4CA0-4B45-813B-8E62490CE34D}.Template|x86.Build.0 = Release|Win32
		{17C71743-6638-4E75-9B63-ACB641B24EE1}.Alpha32 Debug|Any CPU.ActiveCfg = Release|x64
		{17C71743-6638-4E75-9B63-ACB641B24EE1}.Alpha32 Debug|Any CPU.Build.0 = Release|x64
		{17C71743-6638-4E75-9B63-ACB641B24EE1}.Alpha32 Debug|Win32.ActiveCfg = Debug|Win32
		{17C71743-6638-4E75-9B63-ACB641B24EE1}.Alpha32 Debug|Win32.Build.0 = Debug|Win32
		{17C71743-6638-4E75-9B63-ACB641B24EE1}.Alpha32 Debug|x64.ActiveCfg = Debug|x64
		{17C71743-6638-4E75-9B63-ACB641B24EE1}.Alpha32 Debug|x64.Build.0 = Debug|x64
		{17C71743-6638-4E75-9B63-ACB641B24EE1}.Alpha32 Debug|x86.ActiveCfg = Debug|Win32
		{17C71743-6638-4E75-9B63-ACB641B24EE1}.Alpha32 Debug|x86.Build.0 = Debug|Win32
		{17C71743-6638-4E75-9B63-ACB641B24EE1}.Alpha32 Release|Any CPU.ActiveCfg = Release|x64
		{17C71743-6638-4E75-9B63-ACB641B24EE1}.Alpha32 Release|Any CPU.Build.0 = Release|x64
		{17C71743-6638-4E75-9B63-ACB641B24EE1}.Alpha32 Release|Win32.ActiveCfg = Release|Win32
		{17C71743-6638-4E75-9B63-ACB641B24EE1}.Alpha32 Release|Win32.Build.0 = Release|Win32
		{17C71743-6638-4E75-9B63-ACB641B24EE1}.Alpha32 Release|x64.ActiveCfg = Release|x64
		{17C71743-6638-4E75-9B63-ACB641B24EE1}.Alpha32 Release|x64.Build.0 = Release|x64
		{17C71743-6638-4E75-9B63-ACB641B24EE1}.Alpha32 Release|x86.ActiveCfg = Release|Win32
		{17C71743-6638-4E75-9B63-ACB641B24EE1}.Alpha32 Release|x86.Build.0 = Release|Win32
		{17C71743-6638-4E75-9B63-ACB641B24EE1}.Debug|Any CPU.ActiveCfg = Debug|Win32
		{17C71743-6638-4E75-9B63-ACB641B24EE1}.Debug|Win32.ActiveCfg = Debug|Win32
		{17C71743-6638-4E75-9B63-ACB641B24EE1}.Debug|Win32.Build.0 = Debug|Win32
		{17C71743-6638-4E75-9B63-ACB641B24EE1}.Debug|x64.ActiveCfg = Debug|x64
		{17C71743-6638-4E75-9B63-ACB641B24EE1}.Debug|x64.Build.0 = Debug|x64
		{17C71743-6638-4E75-9B63-ACB641B24EE1}.Debug|x86.ActiveCfg = Debug|Win32
		{17C71743-6638-4E75-9B63-ACB641B24EE1}.Debug|x86.Build.0 = Debug|Win32
		{17C71743-6638-4E75-9B63-ACB641B24EE1}.Profile|Any CPU.ActiveCfg = Release|x64
		{17C71743-6638-4E75-9B63-ACB641B24EE1}.Profile|Any CPU.Build.0 = Release|x64
		{17C71743-6638-4E75-9B63-ACB641B24EE1}.Profile|Win32.ActiveCfg = Release|Win32
		{17C71743-6638-4E75-9B63-ACB641B24EE1}.Profile|Win32.Build.0 = Release|Win32
		{17C71743-6638-4E75-9B63-ACB641B24EE1}.Profile|x64.ActiveCfg = Release|x64
		{17C71743-6638-4E75-9B63-ACB641B24EE1}.Profile|x64.Build.0 = Release|x64
		{17C71743-6638-4E75-9B63-ACB641B24EE1}.Profile|x86.ActiveCfg = Release|Win32
		{17C71743-6638-4E75-9B63-ACB641B24EE1}.Profile|x86.Build.0 = Release|Win32
		{17C71743-6638-4E75-9B63-ACB641B24EE1}.Relase|Any CPU.ActiveCfg = Release|x64
		{17C71743-6638-4E75-9B63-ACB641B24EE1}.Relase|Any CPU.Build.0 = Release|x64
		{17C71743-6638-4E75-9B63-ACB641B24EE1}.Relase|Win32.ActiveCfg = Release|Win32
		{17C71743-6638-4E75-9B63-ACB641B24EE1}.Relase|Win32.Build.0 = Release|Win32
		{17C71743-6638-4E75-9B63-ACB641B24EE1}.Relase|x64.ActiveCfg = Release|x64
		{17C71743-6638-4E75-9B63-ACB641B24EE1}.Relase|x64.Build.0 = Release|x64
		{17C71743-6638-4E75-9B63-ACB641B24EE1}.Relase|x86.ActiveCfg = Release|Win32
		{17C71743-6638-4E75-9B63-ACB641B24EE1}.Relase|x86.Build.0 = Release|Win32
		{17C71743-6638-4E75-9B63-ACB641B24EE1}.Release|Any CPU.ActiveCfg = Release|Win32
		{17C71743-6638-4E75-9B63-ACB641B24EE1}.Release|Win32.ActiveCfg = Release|Win32
		{17C71743-6638-4E75-9B63-ACB641B24EE1}.Release|Win32.Build.0 = Release|Win32
		{17C71743-6638-4E75-9B63-ACB641B24EE1}.Release|x64.ActiveCfg = Release|x64
		{17C71743-6638-4E75-9B63-ACB641B24EE1}.Release|x64.Build.0 = Release|x64
		{17C71743-6638-4E75-9B63-ACB641B24EE1}.Release|x86.ActiveCfg = Release|Win32
		{17C71743-6638-4E75-9B63-ACB641B24EE1}.Release|x86.Build.0 = Release|Win32
		{17C71743-6638-4E75-9B63-ACB641B24EE1}.Template|Any CPU.ActiveCfg = Release|x64
		{17C71743-6638-4E75-9B63-ACB641B24EE1}.Template|Any CPU.Build.0 = Release|x64
		{17C71743-6638-4E75-9B63-ACB641B24EE1}.Template|Win32.ActiveCfg = Release|Win32
		{17C71743-6638-4E75-9B63-ACB641B24EE1}.Template|Win32.Build.0 = Release|Win32
		{17C71743-6638-4E75-9B63-ACB641B24EE1}.Template|x64.ActiveCfg = Release|x64
		{17C71743-6638-4E75-9B63-ACB641B24EE1}.Template|x64.Build.0 = Release|x64
		{17C71743-6638-4E75-9B63-ACB641B24EE1}.Template|x86.ActiveCfg = Release|Win32
		{17C71743-6638-4E75-9B63-ACB641B24EE1}.Template|x86.Build.0 = Release|Win32
	EndGlobalSection
	GlobalSection(SolutionProperties) = preSolution
		HideSolutionNode = FALSE
	EndGlobalSection
	GlobalSection(NestedProjects) = preSolution
		{2DF929C4-72B5-451B-A6E7-3CB28BE63755} = {2FFDB9F1-A9F3-420D-9BD1-19B92E9004E1}
		{1D9F97AC-8BD3-4EAC-A2B8-0B862E2A6C1E} = {2FFDB9F1-A9F3-420D-9BD1-19B92E9004E1}
		{1EBEE299-1BA1-4BF6-9F96-F218EE90ECAB} = {2FFDB9F1-A9F3-420D-9BD1-19B92E9004E1}
		{74AAC096-D86C-4812-9C64-1337ED0123F6} = {2FFDB9F1-A9F3-420D-9BD1-19B92E9004E1}
		{31510B26-4469-4DF1-9D4E-011E777EFE90} = {2FFDB9F1-A9F3-420D-9BD1-19B92E9004E1}
		{B1031197-8DEA-4E77-9664-D93D5E64AE0B} = {2FFDB9F1-A9F3-420D-9BD1-19B92E9004E1}
		{A4E985B0-A578-45C0-AC38-08481148D249} = {2FFDB9F1-A9F3-420D-9BD1-19B92E9004E1}
		{BE52E332-A4C8-467A-952C-EABDA13E522C} = {2FFDB9F1-A9F3-420D-9BD1-19B92E9004E1}
		{41A81C71-7E3F-4E24-B338-02C425048E9F} = {2FFDB9F1-A9F3-420D-9BD1-19B92E9004E1}
		{A51A8186-D1CB-4D1B-AD56-4C67879BAB96} = {2FFDB9F1-A9F3-420D-9BD1-19B92E9004E1}
		{6B855AE8-7468-45F2-A0CA-DF18A1E9898A} = {2FFDB9F1-A9F3-420D-9BD1-19B92E9004E1}
		{6B88BED9-0FA0-48B6-9147-822078CE0A3E} = {6B855AE8-7468-45F2-A0CA-DF18A1E9898A}
		{0F5480F6-4CA0-4B45-813B-8E62490CE34D} = {6B855AE8-7468-45F2-A0CA-DF18A1E9898A}
		{17C71743-6638-4E75-9B63-ACB641B24EE1} = {6B855AE8-7468-45F2-A0CA-DF18A1E9898A}
	EndGlobalSection
	GlobalSection(ExtensibilityGlobals) = postSolution
		SolutionGuid = {C4DFDBA1-ADE8-4B9E-91B1-D5548D8EB20C}
	EndGlobalSection
EndGlobal
