Microsoft Visual Studio Solution File, Format Version 10.00
# Visual Studio 2008
Project("{8BC9CEB8-8B4A-11D0-8D11-00A0C91BC942}") = "CrazyStart", "CrazyStart.vcproj", "{6ECF75B2-2FAC-49C6-9A0B-26502702FDC7}"
EndProject
Global
	GlobalSection(SolutionConfigurationPlatforms) = preSolution
		Debug|Win32 = Debug|Win32
		Release|Win32 = Release|Win32
	EndGlobalSection
	GlobalSection(ProjectConfigurationPlatforms) = postSolution
		{6ECF75B2-2FAC-49C6-9A0B-26502702FDC7}.Debug|Win32.ActiveCfg = Debug|Win32
		{6ECF75B2-2FAC-49C6-9A0B-26502702FDC7}.Debug|Win32.Build.0 = Debug|Win32
		{6ECF75B2-2FAC-49C6-9A0B-26502702FDC7}.Release|Win32.ActiveCfg = Release|Win32
		{6ECF75B2-2FAC-49C6-9A0B-26502702FDC7}.Release|Win32.Build.0 = Release|Win32
	EndGlobalSection
	GlobalSection(SolutionProperties) = preSolution
		HideSolutionNode = FALSE
	EndGlobalSection
EndGlobal
