Microsoft Visual Studio Solution File, Format Version 10.00
# Visual Studio 2008
Project("{8BC9CEB8-8B4A-11D0-8D11-00A0C91BC942}") = "TestMFC", "TestMFC.vcproj", "{4EB33783-6A14-4A7A-B1E3-EEB2DA319804}"
EndProject
Global
	GlobalSection(SolutionConfigurationPlatforms) = preSolution
		Debug|Win32 = Debug|Win32
		Release|Win32 = Release|Win32
	EndGlobalSection
	GlobalSection(ProjectConfigurationPlatforms) = postSolution
		{4EB33783-6A14-4A7A-B1E3-EEB2DA319804}.Debug|Win32.ActiveCfg = Debug|Win32
		{4EB33783-6A14-4A7A-B1E3-EEB2DA319804}.Debug|Win32.Build.0 = Debug|Win32
		{4EB33783-6A14-4A7A-B1E3-EEB2DA319804}.Release|Win32.ActiveCfg = Release|Win32
		{4EB33783-6A14-4A7A-B1E3-EEB2DA319804}.Release|Win32.Build.0 = Release|Win32
	EndGlobalSection
	GlobalSection(SolutionProperties) = preSolution
		HideSolutionNode = FALSE
	EndGlobalSection
EndGlobal
