Microsoft Visual Studio Solution File, Format Version 10.00
# Visual Studio 2008
Project("{8BC9CEB8-8B4A-11D0-8D11-00A0C91BC942}") = "DesktopSwitch", "DesktopSwitch.vcproj", "{2C389EAB-0AAC-4D62-BA62-A7E4E31CF428}"
EndProject
Global
	GlobalSection(SolutionConfigurationPlatforms) = preSolution
		Debug|Win32 = Debug|Win32
		Release|Win32 = Release|Win32
	EndGlobalSection
	GlobalSection(ProjectConfigurationPlatforms) = postSolution
		{2C389EAB-0AAC-4D62-BA62-A7E4E31CF428}.Debug|Win32.ActiveCfg = Debug|Win32
		{2C389EAB-0AAC-4D62-BA62-A7E4E31CF428}.Debug|Win32.Build.0 = Debug|Win32
		{2C389EAB-0AAC-4D62-BA62-A7E4E31CF428}.Release|Win32.ActiveCfg = Release|Win32
		{2C389EAB-0AAC-4D62-BA62-A7E4E31CF428}.Release|Win32.Build.0 = Release|Win32
	EndGlobalSection
	GlobalSection(SolutionProperties) = preSolution
		HideSolutionNode = FALSE
	EndGlobalSection
EndGlobal
